
Microsoft Visual Studio Solution File, Format Version 12.00
# Visual Studio 15
VisualStudioVersion = 15.0.26730.16
MinimumVisualStudioVersion = 10.0.40219.1
Project("{FAE04EC0-301F-11D3-BF4B-00C04F79EFBC}") = "01. Sino The Walker", "01. Sino The Walker\01. Sino The Walker.csproj", "{33271D4B-CC99-4844-8A56-45CC81246B70}"
EndProject
Project("{FAE04EC0-301F-11D3-BF4B-00C04F79EFBC}") = "02. SoftUni Karaoke", "02. SoftUni Karaoke\02. SoftUni Karaoke.csproj", "{412ECE35-14DA-4549-953F-FA5EF3C1CE20}"
EndProject
Project("{FAE04EC0-301F-11D3-BF4B-00C04F79EFBC}") = "03. Endurance Rally", "03. Endurance Rally\03. Endurance Rally.csproj", "{6BA683DF-9092-490B-859B-B1F09686C4AC}"
EndProject
Project("{FAE04EC0-301F-11D3-BF4B-00C04F79EFBC}") = "04. Winning Ticket", "04. Winning Ticket\04. Winning Ticket.csproj", "{482FFD91-D3F5-4849-95AE-34D838349CE7}"
EndProject
Global
	GlobalSection(SolutionConfigurationPlatforms) = preSolution
		Debug|Any CPU = Debug|Any CPU
		Release|Any CPU = Release|Any CPU
	EndGlobalSection
	GlobalSection(ProjectConfigurationPlatforms) = postSolution
		{33271D4B-CC99-4844-8A56-45CC81246B70}.Debug|Any CPU.ActiveCfg = Debug|Any CPU
		{33271D4B-CC99-4844-8A56-45CC81246B70}.Debug|Any CPU.Build.0 = Debug|Any CPU
		{33271D4B-CC99-4844-8A56-45CC81246B70}.Release|Any CPU.ActiveCfg = Release|Any CPU
		{33271D4B-CC99-4844-8A56-45CC81246B70}.Release|Any CPU.Build.0 = Release|Any CPU
		{412ECE35-14DA-4549-953F-FA5EF3C1CE20}.Debug|Any CPU.ActiveCfg = Debug|Any CPU
		{412ECE35-14DA-4549-953F-FA5EF3C1CE20}.Debug|Any CPU.Build.0 = Debug|Any CPU
		{412ECE35-14DA-4549-953F-FA5EF3C1CE20}.Release|Any CPU.ActiveCfg = Release|Any CPU
		{412ECE35-14DA-4549-953F-FA5EF3C1CE20}.Release|Any CPU.Build.0 = Release|Any CPU
		{6BA683DF-9092-490B-859B-B1F09686C4AC}.Debug|Any CPU.ActiveCfg = Debug|Any CPU
		{6BA683DF-9092-490B-859B-B1F09686C4AC}.Debug|Any CPU.Build.0 = Debug|Any CPU
		{6BA683DF-9092-490B-859B-B1F09686C4AC}.Release|Any CPU.ActiveCfg = Release|Any CPU
		{6BA683DF-9092-490B-859B-B1F09686C4AC}.Release|Any CPU.Build.0 = Release|Any CPU
		{482FFD91-D3F5-4849-95AE-34D838349CE7}.Debug|Any CPU.ActiveCfg = Debug|Any CPU
		{482FFD91-D3F5-4849-95AE-34D838349CE7}.Debug|Any CPU.Build.0 = Debug|Any CPU
		{482FFD91-D3F5-4849-95AE-34D838349CE7}.Release|Any CPU.ActiveCfg = Release|Any CPU
		{482FFD91-D3F5-4849-95AE-34D838349CE7}.Release|Any CPU.Build.0 = Release|Any CPU
	EndGlobalSection
	GlobalSection(SolutionProperties) = preSolution
		HideSolutionNode = FALSE
	EndGlobalSection
	GlobalSection(ExtensibilityGlobals) = postSolution
		SolutionGuid = {FD21EADF-F67F-42AE-9013-4D006CFFC978}
	EndGlobalSection
EndGlobal
