
Microsoft Visual Studio Solution File, Format Version 12.00
# Visual Studio 15
VisualStudioVersion = 15.0.26730.16
MinimumVisualStudioVersion = 10.0.40219.1
Project("{FAE04EC0-301F-11D3-BF4B-00C04F79EFBC}") = "01.AssociativeArrays", "01.AssociativeArrays\01.AssociativeArrays.csproj", "{F3C31610-BD9D-4997-AC94-69192D6AA210}"
EndProject
Project("{FAE04EC0-301F-11D3-BF4B-00C04F79EFBC}") = "02.OddOccurrences", "02.OddOccurrences\02.OddOccurrences.csproj", "{BAD71687-9FA0-4282-94BF-67F518ADCD87}"
EndProject
Project("{FAE04EC0-301F-11D3-BF4B-00C04F79EFBC}") = "03.SumMinMaxAverage", "03.SumMinMaxAverage\03.SumMinMaxAverage.csproj", "{3731C5DD-7828-4FD7-8F3C-7FC1651BE7A6}"
EndProject
Project("{FAE04EC0-301F-11D3-BF4B-00C04F79EFBC}") = "04.Largest3Numbers", "04.Largest3Numbers\04.Largest3Numbers.csproj", "{95DADE2A-6EA5-4F95-A760-4D9D4A02C02F}"
EndProject
Project("{FAE04EC0-301F-11D3-BF4B-00C04F79EFBC}") = "05.ShortWordsSorted", "05.ShortWordsSorted\05.ShortWordsSorted.csproj", "{EC6CD076-5369-432C-9EB7-7E6E3C85E19B}"
EndProject
Project("{FAE04EC0-301F-11D3-BF4B-00C04F79EFBC}") = "06.FoldAndSum", "06.FoldAndSum\06.FoldAndSum.csproj", "{13342AA2-470A-4F4A-A329-6840881526B0}"
EndProject
Global
	GlobalSection(SolutionConfigurationPlatforms) = preSolution
		Debug|Any CPU = Debug|Any CPU
		Release|Any CPU = Release|Any CPU
	EndGlobalSection
	GlobalSection(ProjectConfigurationPlatforms) = postSolution
		{F3C31610-BD9D-4997-AC94-69192D6AA210}.Debug|Any CPU.ActiveCfg = Debug|Any CPU
		{F3C31610-BD9D-4997-AC94-69192D6AA210}.Debug|Any CPU.Build.0 = Debug|Any CPU
		{F3C31610-BD9D-4997-AC94-69192D6AA210}.Release|Any CPU.ActiveCfg = Release|Any CPU
		{F3C31610-BD9D-4997-AC94-69192D6AA210}.Release|Any CPU.Build.0 = Release|Any CPU
		{BAD71687-9FA0-4282-94BF-67F518ADCD87}.Debug|Any CPU.ActiveCfg = Debug|Any CPU
		{BAD71687-9FA0-4282-94BF-67F518ADCD87}.Debug|Any CPU.Build.0 = Debug|Any CPU
		{BAD71687-9FA0-4282-94BF-67F518ADCD87}.Release|Any CPU.ActiveCfg = Release|Any CPU
		{BAD71687-9FA0-4282-94BF-67F518ADCD87}.Release|Any CPU.Build.0 = Release|Any CPU
		{3731C5DD-7828-4FD7-8F3C-7FC1651BE7A6}.Debug|Any CPU.ActiveCfg = Debug|Any CPU
		{3731C5DD-7828-4FD7-8F3C-7FC1651BE7A6}.Debug|Any CPU.Build.0 = Debug|Any CPU
		{3731C5DD-7828-4FD7-8F3C-7FC1651BE7A6}.Release|Any CPU.ActiveCfg = Release|Any CPU
		{3731C5DD-7828-4FD7-8F3C-7FC1651BE7A6}.Release|Any CPU.Build.0 = Release|Any CPU
		{95DADE2A-6EA5-4F95-A760-4D9D4A02C02F}.Debug|Any CPU.ActiveCfg = Debug|Any CPU
		{95DADE2A-6EA5-4F95-A760-4D9D4A02C02F}.Debug|Any CPU.Build.0 = Debug|Any CPU
		{95DADE2A-6EA5-4F95-A760-4D9D4A02C02F}.Release|Any CPU.ActiveCfg = Release|Any CPU
		{95DADE2A-6EA5-4F95-A760-4D9D4A02C02F}.Release|Any CPU.Build.0 = Release|Any CPU
		{EC6CD076-5369-432C-9EB7-7E6E3C85E19B}.Debug|Any CPU.ActiveCfg = Debug|Any CPU
		{EC6CD076-5369-432C-9EB7-7E6E3C85E19B}.Debug|Any CPU.Build.0 = Debug|Any CPU
		{EC6CD076-5369-432C-9EB7-7E6E3C85E19B}.Release|Any CPU.ActiveCfg = Release|Any CPU
		{EC6CD076-5369-432C-9EB7-7E6E3C85E19B}.Release|Any CPU.Build.0 = Release|Any CPU
		{13342AA2-470A-4F4A-A329-6840881526B0}.Debug|Any CPU.ActiveCfg = Debug|Any CPU
		{13342AA2-470A-4F4A-A329-6840881526B0}.Debug|Any CPU.Build.0 = Debug|Any CPU
		{13342AA2-470A-4F4A-A329-6840881526B0}.Release|Any CPU.ActiveCfg = Release|Any CPU
		{13342AA2-470A-4F4A-A329-6840881526B0}.Release|Any CPU.Build.0 = Release|Any CPU
	EndGlobalSection
	GlobalSection(SolutionProperties) = preSolution
		HideSolutionNode = FALSE
	EndGlobalSection
	GlobalSection(ExtensibilityGlobals) = postSolution
		SolutionGuid = {E46E8655-AF60-489C-BF67-33643E4356F8}
	EndGlobalSection
EndGlobal
