
Microsoft Visual Studio Solution File, Format Version 12.00
# Visual Studio 15
VisualStudioVersion = 15.0.27004.2009
MinimumVisualStudioVersion = 10.0.40219.1
Project("{FAE04EC0-301F-11D3-BF4B-00C04F79EFBC}") = "01. Reverse String", "01. Reverse String\01. Reverse String.csproj", "{8E2BBED5-81F1-4702-86C8-5AD4B6743EB5}"
EndProject
Project("{FAE04EC0-301F-11D3-BF4B-00C04F79EFBC}") = "01. Reverse String - StringBuilder", "01. Reverse String - StringBuilder\01. Reverse String - StringBuilder.csproj", "{9F5CCEB9-D016-45B6-B65C-866838BBDDDB}"
EndProject
Project("{FAE04EC0-301F-11D3-BF4B-00C04F79EFBC}") = "02. Count Substring Occurrences", "02. Count Substring Occurrences\02. Count Substring Occurrences.csproj", "{56DF920E-C9EC-43FA-AE7E-9040DA5F91F7}"
EndProject
Project("{FAE04EC0-301F-11D3-BF4B-00C04F79EFBC}") = "03. Text Filter", "03. Text Filter\03. Text Filter.csproj", "{02F0280F-EE15-434E-8B77-EAFFD82E7212}"
EndProject
Project("{FAE04EC0-301F-11D3-BF4B-00C04F79EFBC}") = "04. Palindromes", "04. Palindromes\04. Palindromes.csproj", "{924045F7-9FA0-404E-82CF-5CE5468D7EBE}"
EndProject
Project("{FAE04EC0-301F-11D3-BF4B-00C04F79EFBC}") = "05. Match Full Name", "05. Match Full Name\05. Match Full Name.csproj", "{5FF444CD-A77C-460E-8A70-A15B4387DA42}"
EndProject
Project("{FAE04EC0-301F-11D3-BF4B-00C04F79EFBC}") = "06. Mathc Phone Number", "06. Mathc Phone Number\06. Mathc Phone Number.csproj", "{F1519534-AFDB-42A1-9A20-B38999EF9036}"
EndProject
Project("{FAE04EC0-301F-11D3-BF4B-00C04F79EFBC}") = "07. Match Hexadecimal Numbers", "07. Match Hexadecimal Numbers\07. Match Hexadecimal Numbers.csproj", "{3606B55E-BCBA-4379-9DD3-20EE72FAF2FA}"
EndProject
Project("{FAE04EC0-301F-11D3-BF4B-00C04F79EFBC}") = "08. Match Dates", "08. Match Dates\08. Match Dates.csproj", "{4421475E-2826-4C69-971E-BBD41D64D470}"
EndProject
Project("{FAE04EC0-301F-11D3-BF4B-00C04F79EFBC}") = "09. Match Numbers", "09. Match Numbers\09. Match Numbers.csproj", "{994587EE-237B-47DA-96CF-423B298DB783}"
EndProject
Project("{FAE04EC0-301F-11D3-BF4B-00C04F79EFBC}") = "10.Replace a Tag", "10.Replace a Tag\10.Replace a Tag.csproj", "{11DA83CF-8805-4BD8-8517-08BFEA80DB64}"
EndProject
Global
	GlobalSection(SolutionConfigurationPlatforms) = preSolution
		Debug|Any CPU = Debug|Any CPU
		Release|Any CPU = Release|Any CPU
	EndGlobalSection
	GlobalSection(ProjectConfigurationPlatforms) = postSolution
		{8E2BBED5-81F1-4702-86C8-5AD4B6743EB5}.Debug|Any CPU.ActiveCfg = Debug|Any CPU
		{8E2BBED5-81F1-4702-86C8-5AD4B6743EB5}.Debug|Any CPU.Build.0 = Debug|Any CPU
		{8E2BBED5-81F1-4702-86C8-5AD4B6743EB5}.Release|Any CPU.ActiveCfg = Release|Any CPU
		{8E2BBED5-81F1-4702-86C8-5AD4B6743EB5}.Release|Any CPU.Build.0 = Release|Any CPU
		{9F5CCEB9-D016-45B6-B65C-866838BBDDDB}.Debug|Any CPU.ActiveCfg = Debug|Any CPU
		{9F5CCEB9-D016-45B6-B65C-866838BBDDDB}.Debug|Any CPU.Build.0 = Debug|Any CPU
		{9F5CCEB9-D016-45B6-B65C-866838BBDDDB}.Release|Any CPU.ActiveCfg = Release|Any CPU
		{9F5CCEB9-D016-45B6-B65C-866838BBDDDB}.Release|Any CPU.Build.0 = Release|Any CPU
		{56DF920E-C9EC-43FA-AE7E-9040DA5F91F7}.Debug|Any CPU.ActiveCfg = Debug|Any CPU
		{56DF920E-C9EC-43FA-AE7E-9040DA5F91F7}.Debug|Any CPU.Build.0 = Debug|Any CPU
		{56DF920E-C9EC-43FA-AE7E-9040DA5F91F7}.Release|Any CPU.ActiveCfg = Release|Any CPU
		{56DF920E-C9EC-43FA-AE7E-9040DA5F91F7}.Release|Any CPU.Build.0 = Release|Any CPU
		{02F0280F-EE15-434E-8B77-EAFFD82E7212}.Debug|Any CPU.ActiveCfg = Debug|Any CPU
		{02F0280F-EE15-434E-8B77-EAFFD82E7212}.Debug|Any CPU.Build.0 = Debug|Any CPU
		{02F0280F-EE15-434E-8B77-EAFFD82E7212}.Release|Any CPU.ActiveCfg = Release|Any CPU
		{02F0280F-EE15-434E-8B77-EAFFD82E7212}.Release|Any CPU.Build.0 = Release|Any CPU
		{924045F7-9FA0-404E-82CF-5CE5468D7EBE}.Debug|Any CPU.ActiveCfg = Debug|Any CPU
		{924045F7-9FA0-404E-82CF-5CE5468D7EBE}.Debug|Any CPU.Build.0 = Debug|Any CPU
		{924045F7-9FA0-404E-82CF-5CE5468D7EBE}.Release|Any CPU.ActiveCfg = Release|Any CPU
		{924045F7-9FA0-404E-82CF-5CE5468D7EBE}.Release|Any CPU.Build.0 = Release|Any CPU
		{5FF444CD-A77C-460E-8A70-A15B4387DA42}.Debug|Any CPU.ActiveCfg = Debug|Any CPU
		{5FF444CD-A77C-460E-8A70-A15B4387DA42}.Debug|Any CPU.Build.0 = Debug|Any CPU
		{5FF444CD-A77C-460E-8A70-A15B4387DA42}.Release|Any CPU.ActiveCfg = Release|Any CPU
		{5FF444CD-A77C-460E-8A70-A15B4387DA42}.Release|Any CPU.Build.0 = Release|Any CPU
		{F1519534-AFDB-42A1-9A20-B38999EF9036}.Debug|Any CPU.ActiveCfg = Debug|Any CPU
		{F1519534-AFDB-42A1-9A20-B38999EF9036}.Debug|Any CPU.Build.0 = Debug|Any CPU
		{F1519534-AFDB-42A1-9A20-B38999EF9036}.Release|Any CPU.ActiveCfg = Release|Any CPU
		{F1519534-AFDB-42A1-9A20-B38999EF9036}.Release|Any CPU.Build.0 = Release|Any CPU
		{3606B55E-BCBA-4379-9DD3-20EE72FAF2FA}.Debug|Any CPU.ActiveCfg = Debug|Any CPU
		{3606B55E-BCBA-4379-9DD3-20EE72FAF2FA}.Debug|Any CPU.Build.0 = Debug|Any CPU
		{3606B55E-BCBA-4379-9DD3-20EE72FAF2FA}.Release|Any CPU.ActiveCfg = Release|Any CPU
		{3606B55E-BCBA-4379-9DD3-20EE72FAF2FA}.Release|Any CPU.Build.0 = Release|Any CPU
		{4421475E-2826-4C69-971E-BBD41D64D470}.Debug|Any CPU.ActiveCfg = Debug|Any CPU
		{4421475E-2826-4C69-971E-BBD41D64D470}.Debug|Any CPU.Build.0 = Debug|Any CPU
		{4421475E-2826-4C69-971E-BBD41D64D470}.Release|Any CPU.ActiveCfg = Release|Any CPU
		{4421475E-2826-4C69-971E-BBD41D64D470}.Release|Any CPU.Build.0 = Release|Any CPU
		{994587EE-237B-47DA-96CF-423B298DB783}.Debug|Any CPU.ActiveCfg = Debug|Any CPU
		{994587EE-237B-47DA-96CF-423B298DB783}.Debug|Any CPU.Build.0 = Debug|Any CPU
		{994587EE-237B-47DA-96CF-423B298DB783}.Release|Any CPU.ActiveCfg = Release|Any CPU
		{994587EE-237B-47DA-96CF-423B298DB783}.Release|Any CPU.Build.0 = Release|Any CPU
		{11DA83CF-8805-4BD8-8517-08BFEA80DB64}.Debug|Any CPU.ActiveCfg = Debug|Any CPU
		{11DA83CF-8805-4BD8-8517-08BFEA80DB64}.Debug|Any CPU.Build.0 = Debug|Any CPU
		{11DA83CF-8805-4BD8-8517-08BFEA80DB64}.Release|Any CPU.ActiveCfg = Release|Any CPU
		{11DA83CF-8805-4BD8-8517-08BFEA80DB64}.Release|Any CPU.Build.0 = Release|Any CPU
	EndGlobalSection
	GlobalSection(SolutionProperties) = preSolution
		HideSolutionNode = FALSE
	EndGlobalSection
	GlobalSection(ExtensibilityGlobals) = postSolution
		SolutionGuid = {4034A562-23F3-48B2-AE96-20C412EE566A}
	EndGlobalSection
EndGlobal
