
Microsoft Visual Studio Solution File, Format Version 12.00
# Visual Studio 15
VisualStudioVersion = 15.0.26730.16
MinimumVisualStudioVersion = 10.0.40219.1
Project("{FAE04EC0-301F-11D3-BF4B-00C04F79EFBC}") = "01.Hello,Name!", "01.Hello,Name!\01.Hello,Name!.csproj", "{B39D6B5E-3511-461C-A931-16C62DB3069B}"
EndProject
Project("{FAE04EC0-301F-11D3-BF4B-00C04F79EFBC}") = "02.MaxMethod", "02.MaxMethod\02.MaxMethod.csproj", "{A4460589-81F1-4898-B172-97B0D011CBE7}"
EndProject
Project("{FAE04EC0-301F-11D3-BF4B-00C04F79EFBC}") = "03.EnglishNameOfTheLastDigit", "03.EnglishNameOfTheLastDigit\03.EnglishNameOfTheLastDigit.csproj", "{4FEE5F7B-38F3-4BE4-8F10-528A28ED469A}"
EndProject
Project("{FAE04EC0-301F-11D3-BF4B-00C04F79EFBC}") = "04.NumbersInReversedOrder", "04.NumbersInReversedOrder\04.NumbersInReversedOrder.csproj", "{A8883A99-8325-4E9A-A4E5-762A0BAAE517}"
EndProject
Project("{FAE04EC0-301F-11D3-BF4B-00C04F79EFBC}") = "05.FibonacciNumbers", "05.FibonacciNumbers\05.FibonacciNumbers.csproj", "{ED2973A8-E24E-47AC-9474-6C5809D229E0}"
EndProject
Project("{FAE04EC0-301F-11D3-BF4B-00C04F79EFBC}") = "06.PrimeChecker", "06.PrimeChecker\06.PrimeChecker.csproj", "{03ECDDF7-ABF3-4492-BF17-659F1BD7AE29}"
EndProject
Project("{FAE04EC0-301F-11D3-BF4B-00C04F79EFBC}") = "07.PrimesInGivenRange", "07.PrimesInGivenRange\07.PrimesInGivenRange.csproj", "{EB356529-C4FC-4441-A71E-2F7BB4EFFA40}"
EndProject
Project("{FAE04EC0-301F-11D3-BF4B-00C04F79EFBC}") = "08.CenterPoint", "08.CenterPoint\08.CenterPoint.csproj", "{17AEB8AB-3A96-4B97-9630-6EADFFEE5F81}"
EndProject
Project("{FAE04EC0-301F-11D3-BF4B-00C04F79EFBC}") = "09.LongerLine", "09.LongerLine\09.LongerLine.csproj", "{5E446354-AE58-402A-83F8-9657884CC7C6}"
EndProject
Project("{FAE04EC0-301F-11D3-BF4B-00C04F79EFBC}") = "10.CubeProperties", "10.CubeProperties\10.CubeProperties.csproj", "{1BBE6DF1-21DA-445F-A6FD-447A2FC4C432}"
EndProject
Project("{FAE04EC0-301F-11D3-BF4B-00C04F79EFBC}") = "11.GeometryCalculator", "11.GeometryCalculator\11.GeometryCalculator.csproj", "{BCFF0FDE-6C2F-456D-9051-7C1AE42F8D55}"
EndProject
Project("{FAE04EC0-301F-11D3-BF4B-00C04F79EFBC}") = "12.MasterNumbers", "12.MasterNumbers\12.MasterNumbers.csproj", "{6F3C90E2-FD96-4470-B2B7-F27F21B5C229}"
EndProject
Project("{FAE04EC0-301F-11D3-BF4B-00C04F79EFBC}") = "13.Factorial", "13.Factorial\13.Factorial.csproj", "{D7349BC0-D015-4010-92ED-3B14D36159FD}"
EndProject
Project("{FAE04EC0-301F-11D3-BF4B-00C04F79EFBC}") = "14.FactorialTrailingZeroes", "14.FactorialTrailingZeroes\14.FactorialTrailingZeroes.csproj", "{7984E5D8-8271-4799-9619-18452ED619DE}"
EndProject
Project("{FAE04EC0-301F-11D3-BF4B-00C04F79EFBC}") = "15.DebuggingExerciseSubstring", "15.DebuggingExerciseSubstring\15.DebuggingExerciseSubstring.csproj", "{D5A3A689-56F2-4E06-833F-9E054386A612}"
EndProject
Global
	GlobalSection(SolutionConfigurationPlatforms) = preSolution
		Debug|Any CPU = Debug|Any CPU
		Release|Any CPU = Release|Any CPU
	EndGlobalSection
	GlobalSection(ProjectConfigurationPlatforms) = postSolution
		{B39D6B5E-3511-461C-A931-16C62DB3069B}.Debug|Any CPU.ActiveCfg = Debug|Any CPU
		{B39D6B5E-3511-461C-A931-16C62DB3069B}.Debug|Any CPU.Build.0 = Debug|Any CPU
		{B39D6B5E-3511-461C-A931-16C62DB3069B}.Release|Any CPU.ActiveCfg = Release|Any CPU
		{B39D6B5E-3511-461C-A931-16C62DB3069B}.Release|Any CPU.Build.0 = Release|Any CPU
		{A4460589-81F1-4898-B172-97B0D011CBE7}.Debug|Any CPU.ActiveCfg = Debug|Any CPU
		{A4460589-81F1-4898-B172-97B0D011CBE7}.Debug|Any CPU.Build.0 = Debug|Any CPU
		{A4460589-81F1-4898-B172-97B0D011CBE7}.Release|Any CPU.ActiveCfg = Release|Any CPU
		{A4460589-81F1-4898-B172-97B0D011CBE7}.Release|Any CPU.Build.0 = Release|Any CPU
		{4FEE5F7B-38F3-4BE4-8F10-528A28ED469A}.Debug|Any CPU.ActiveCfg = Debug|Any CPU
		{4FEE5F7B-38F3-4BE4-8F10-528A28ED469A}.Debug|Any CPU.Build.0 = Debug|Any CPU
		{4FEE5F7B-38F3-4BE4-8F10-528A28ED469A}.Release|Any CPU.ActiveCfg = Release|Any CPU
		{4FEE5F7B-38F3-4BE4-8F10-528A28ED469A}.Release|Any CPU.Build.0 = Release|Any CPU
		{A8883A99-8325-4E9A-A4E5-762A0BAAE517}.Debug|Any CPU.ActiveCfg = Debug|Any CPU
		{A8883A99-8325-4E9A-A4E5-762A0BAAE517}.Debug|Any CPU.Build.0 = Debug|Any CPU
		{A8883A99-8325-4E9A-A4E5-762A0BAAE517}.Release|Any CPU.ActiveCfg = Release|Any CPU
		{A8883A99-8325-4E9A-A4E5-762A0BAAE517}.Release|Any CPU.Build.0 = Release|Any CPU
		{ED2973A8-E24E-47AC-9474-6C5809D229E0}.Debug|Any CPU.ActiveCfg = Debug|Any CPU
		{ED2973A8-E24E-47AC-9474-6C5809D229E0}.Debug|Any CPU.Build.0 = Debug|Any CPU
		{ED2973A8-E24E-47AC-9474-6C5809D229E0}.Release|Any CPU.ActiveCfg = Release|Any CPU
		{ED2973A8-E24E-47AC-9474-6C5809D229E0}.Release|Any CPU.Build.0 = Release|Any CPU
		{03ECDDF7-ABF3-4492-BF17-659F1BD7AE29}.Debug|Any CPU.ActiveCfg = Debug|Any CPU
		{03ECDDF7-ABF3-4492-BF17-659F1BD7AE29}.Debug|Any CPU.Build.0 = Debug|Any CPU
		{03ECDDF7-ABF3-4492-BF17-659F1BD7AE29}.Release|Any CPU.ActiveCfg = Release|Any CPU
		{03ECDDF7-ABF3-4492-BF17-659F1BD7AE29}.Release|Any CPU.Build.0 = Release|Any CPU
		{EB356529-C4FC-4441-A71E-2F7BB4EFFA40}.Debug|Any CPU.ActiveCfg = Debug|Any CPU
		{EB356529-C4FC-4441-A71E-2F7BB4EFFA40}.Debug|Any CPU.Build.0 = Debug|Any CPU
		{EB356529-C4FC-4441-A71E-2F7BB4EFFA40}.Release|Any CPU.ActiveCfg = Release|Any CPU
		{EB356529-C4FC-4441-A71E-2F7BB4EFFA40}.Release|Any CPU.Build.0 = Release|Any CPU
		{17AEB8AB-3A96-4B97-9630-6EADFFEE5F81}.Debug|Any CPU.ActiveCfg = Debug|Any CPU
		{17AEB8AB-3A96-4B97-9630-6EADFFEE5F81}.Debug|Any CPU.Build.0 = Debug|Any CPU
		{17AEB8AB-3A96-4B97-9630-6EADFFEE5F81}.Release|Any CPU.ActiveCfg = Release|Any CPU
		{17AEB8AB-3A96-4B97-9630-6EADFFEE5F81}.Release|Any CPU.Build.0 = Release|Any CPU
		{5E446354-AE58-402A-83F8-9657884CC7C6}.Debug|Any CPU.ActiveCfg = Debug|Any CPU
		{5E446354-AE58-402A-83F8-9657884CC7C6}.Debug|Any CPU.Build.0 = Debug|Any CPU
		{5E446354-AE58-402A-83F8-9657884CC7C6}.Release|Any CPU.ActiveCfg = Release|Any CPU
		{5E446354-AE58-402A-83F8-9657884CC7C6}.Release|Any CPU.Build.0 = Release|Any CPU
		{1BBE6DF1-21DA-445F-A6FD-447A2FC4C432}.Debug|Any CPU.ActiveCfg = Debug|Any CPU
		{1BBE6DF1-21DA-445F-A6FD-447A2FC4C432}.Debug|Any CPU.Build.0 = Debug|Any CPU
		{1BBE6DF1-21DA-445F-A6FD-447A2FC4C432}.Release|Any CPU.ActiveCfg = Release|Any CPU
		{1BBE6DF1-21DA-445F-A6FD-447A2FC4C432}.Release|Any CPU.Build.0 = Release|Any CPU
		{BCFF0FDE-6C2F-456D-9051-7C1AE42F8D55}.Debug|Any CPU.ActiveCfg = Debug|Any CPU
		{BCFF0FDE-6C2F-456D-9051-7C1AE42F8D55}.Debug|Any CPU.Build.0 = Debug|Any CPU
		{BCFF0FDE-6C2F-456D-9051-7C1AE42F8D55}.Release|Any CPU.ActiveCfg = Release|Any CPU
		{BCFF0FDE-6C2F-456D-9051-7C1AE42F8D55}.Release|Any CPU.Build.0 = Release|Any CPU
		{6F3C90E2-FD96-4470-B2B7-F27F21B5C229}.Debug|Any CPU.ActiveCfg = Debug|Any CPU
		{6F3C90E2-FD96-4470-B2B7-F27F21B5C229}.Debug|Any CPU.Build.0 = Debug|Any CPU
		{6F3C90E2-FD96-4470-B2B7-F27F21B5C229}.Release|Any CPU.ActiveCfg = Release|Any CPU
		{6F3C90E2-FD96-4470-B2B7-F27F21B5C229}.Release|Any CPU.Build.0 = Release|Any CPU
		{D7349BC0-D015-4010-92ED-3B14D36159FD}.Debug|Any CPU.ActiveCfg = Debug|Any CPU
		{D7349BC0-D015-4010-92ED-3B14D36159FD}.Debug|Any CPU.Build.0 = Debug|Any CPU
		{D7349BC0-D015-4010-92ED-3B14D36159FD}.Release|Any CPU.ActiveCfg = Release|Any CPU
		{D7349BC0-D015-4010-92ED-3B14D36159FD}.Release|Any CPU.Build.0 = Release|Any CPU
		{7984E5D8-8271-4799-9619-18452ED619DE}.Debug|Any CPU.ActiveCfg = Debug|Any CPU
		{7984E5D8-8271-4799-9619-18452ED619DE}.Debug|Any CPU.Build.0 = Debug|Any CPU
		{7984E5D8-8271-4799-9619-18452ED619DE}.Release|Any CPU.ActiveCfg = Release|Any CPU
		{7984E5D8-8271-4799-9619-18452ED619DE}.Release|Any CPU.Build.0 = Release|Any CPU
		{D5A3A689-56F2-4E06-833F-9E054386A612}.Debug|Any CPU.ActiveCfg = Debug|Any CPU
		{D5A3A689-56F2-4E06-833F-9E054386A612}.Debug|Any CPU.Build.0 = Debug|Any CPU
		{D5A3A689-56F2-4E06-833F-9E054386A612}.Release|Any CPU.ActiveCfg = Release|Any CPU
		{D5A3A689-56F2-4E06-833F-9E054386A612}.Release|Any CPU.Build.0 = Release|Any CPU
	EndGlobalSection
	GlobalSection(SolutionProperties) = preSolution
		HideSolutionNode = FALSE
	EndGlobalSection
	GlobalSection(ExtensibilityGlobals) = postSolution
		SolutionGuid = {1EB8F9BA-C6E8-476F-B0B5-AE14748E891A}
	EndGlobalSection
EndGlobal
