
Microsoft Visual Studio Solution File, Format Version 12.00
# Visual Studio 15
VisualStudioVersion = 15.0.26730.16
MinimumVisualStudioVersion = 10.0.40219.1
Project("{FAE04EC0-301F-11D3-BF4B-00C04F79EFBC}") = "01.PracticeIntegerNumbers", "01.PracticeIntegerNumbers\01.PracticeIntegerNumbers.csproj", "{FDCA73DD-A6D6-426F-958F-7F35B9BEE058}"
EndProject
Project("{FAE04EC0-301F-11D3-BF4B-00C04F79EFBC}") = "02.PracticeFloatingPointNumbers", "02.PracticeFloatingPointNumbers\02.PracticeFloatingPointNumbers.csproj", "{F7A699B4-A089-4A1A-9D20-E981E00C21BB}"
EndProject
Project("{FAE04EC0-301F-11D3-BF4B-00C04F79EFBC}") = "03.PracticeCharactersAndStrings", "03.PracticeCharactersAndStrings\03.PracticeCharactersAndStrings.csproj", "{5159C564-729C-42AF-B77D-CB4F3A19954D}"
EndProject
Project("{FAE04EC0-301F-11D3-BF4B-00C04F79EFBC}") = "04.VariableInHexadecimalFormat", "04.VariableInHexadecimalFormat\04.VariableInHexadecimalFormat.csproj", "{7737AE42-5B66-467F-96C4-991F549775D5}"
EndProject
Project("{FAE04EC0-301F-11D3-BF4B-00C04F79EFBC}") = "05.BooleanVariable", "05.BooleanVariable\05.BooleanVariable.csproj", "{919E7CDE-AC30-4F23-A509-77A742ECE312}"
EndProject
Project("{FAE04EC0-301F-11D3-BF4B-00C04F79EFBC}") = "06.StringsAndObjects", "06.StringsAndObjects\06.StringsAndObjects.csproj", "{F8980A03-3864-4532-BC0C-908969ABE6D1}"
EndProject
Project("{FAE04EC0-301F-11D3-BF4B-00C04F79EFBC}") = "07.ExchangeVariableValues", "07. ExchangeVariableValues\07.ExchangeVariableValues.csproj", "{A67DDA74-67A8-46B5-B37C-86FBD6AED3F0}"
EndProject
Project("{FAE04EC0-301F-11D3-BF4B-00C04F79EFBC}") = "08.EmployeeData", "08.EmployeeData\08.EmployeeData.csproj", "{ACFC1615-5463-4024-8B2B-C618F6422D06}"
EndProject
Project("{FAE04EC0-301F-11D3-BF4B-00C04F79EFBC}") = "09.ReverseCharacters", "09.ReverseCharacters\09.ReverseCharacters.csproj", "{90B0A045-2266-4DD1-A499-81A9DFE33ADA}"
EndProject
Project("{FAE04EC0-301F-11D3-BF4B-00C04F79EFBC}") = "10.CenturiesToNanoseconds", "10.CenturiesToNanoseconds\10.CenturiesToNanoseconds.csproj", "{485ACEEF-3250-4481-8F85-435DD5A7375A}"
EndProject
Project("{FAE04EC0-301F-11D3-BF4B-00C04F79EFBC}") = "11.ConvertSpeedUnits", "11.ConvertSpeedUnits\11.ConvertSpeedUnits.csproj", "{1C02018D-1BF9-4E1B-9685-A2CA9689D7DE}"
EndProject
Project("{FAE04EC0-301F-11D3-BF4B-00C04F79EFBC}") = "12.RectangleProperties", "12.RectangleProperties\12.RectangleProperties.csproj", "{577B6E55-F8F6-4302-90B3-57FAAA1207C5}"
EndProject
Project("{FAE04EC0-301F-11D3-BF4B-00C04F79EFBC}") = "13.VowelOrDigit", "13.VowelOrDigit\13.VowelOrDigit.csproj", "{5E3B96F0-1BEA-41FB-B160-0BFFB7274268}"
EndProject
Project("{FAE04EC0-301F-11D3-BF4B-00C04F79EFBC}") = "14.IntegerToHexAndBinary", "14.IntegerToHexAndBinary\14.IntegerToHexAndBinary.csproj", "{AD9CDB64-56C3-4661-9073-282E31366534}"
EndProject
Project("{FAE04EC0-301F-11D3-BF4B-00C04F79EFBC}") = "15.FastPrimeChecker-Refactor", "15.FastPrimeChecker-Refactor\15.FastPrimeChecker-Refactor.csproj", "{0A071D49-B6FD-40E7-81B4-83F2F93ABF6A}"
EndProject
Project("{FAE04EC0-301F-11D3-BF4B-00C04F79EFBC}") = "16.ComparingFloats", "16.ComparingFloats\16.ComparingFloats.csproj", "{2CDEAF72-8210-46FD-81F4-7F4FE1FD13E7}"
EndProject
Project("{FAE04EC0-301F-11D3-BF4B-00C04F79EFBC}") = "17.PrintPartOfTheASCIITable", "17.PrintPartOfTheASCIITable\17.PrintPartOfTheASCIITable.csproj", "{E06A870A-CD22-4612-BDE3-3B52687D3BE9}"
EndProject
Project("{FAE04EC0-301F-11D3-BF4B-00C04F79EFBC}") = "18.DifferentIntegersSize", "18.DifferentIntegersSize\18.DifferentIntegersSize.csproj", "{DC44A5DB-B464-4FAF-B3E4-3361CAA91287}"
EndProject
Project("{FAE04EC0-301F-11D3-BF4B-00C04F79EFBC}") = "19.TheaThePhotographer", "19.TheaThePhotographer\19.TheaThePhotographer.csproj", "{53DC74C7-A11B-4291-B41C-3B5C2BB170C6}"
EndProject
Global
	GlobalSection(SolutionConfigurationPlatforms) = preSolution
		Debug|Any CPU = Debug|Any CPU
		Release|Any CPU = Release|Any CPU
	EndGlobalSection
	GlobalSection(ProjectConfigurationPlatforms) = postSolution
		{FDCA73DD-A6D6-426F-958F-7F35B9BEE058}.Debug|Any CPU.ActiveCfg = Debug|Any CPU
		{FDCA73DD-A6D6-426F-958F-7F35B9BEE058}.Debug|Any CPU.Build.0 = Debug|Any CPU
		{FDCA73DD-A6D6-426F-958F-7F35B9BEE058}.Release|Any CPU.ActiveCfg = Release|Any CPU
		{FDCA73DD-A6D6-426F-958F-7F35B9BEE058}.Release|Any CPU.Build.0 = Release|Any CPU
		{F7A699B4-A089-4A1A-9D20-E981E00C21BB}.Debug|Any CPU.ActiveCfg = Debug|Any CPU
		{F7A699B4-A089-4A1A-9D20-E981E00C21BB}.Debug|Any CPU.Build.0 = Debug|Any CPU
		{F7A699B4-A089-4A1A-9D20-E981E00C21BB}.Release|Any CPU.ActiveCfg = Release|Any CPU
		{F7A699B4-A089-4A1A-9D20-E981E00C21BB}.Release|Any CPU.Build.0 = Release|Any CPU
		{5159C564-729C-42AF-B77D-CB4F3A19954D}.Debug|Any CPU.ActiveCfg = Debug|Any CPU
		{5159C564-729C-42AF-B77D-CB4F3A19954D}.Debug|Any CPU.Build.0 = Debug|Any CPU
		{5159C564-729C-42AF-B77D-CB4F3A19954D}.Release|Any CPU.ActiveCfg = Release|Any CPU
		{5159C564-729C-42AF-B77D-CB4F3A19954D}.Release|Any CPU.Build.0 = Release|Any CPU
		{7737AE42-5B66-467F-96C4-991F549775D5}.Debug|Any CPU.ActiveCfg = Debug|Any CPU
		{7737AE42-5B66-467F-96C4-991F549775D5}.Debug|Any CPU.Build.0 = Debug|Any CPU
		{7737AE42-5B66-467F-96C4-991F549775D5}.Release|Any CPU.ActiveCfg = Release|Any CPU
		{7737AE42-5B66-467F-96C4-991F549775D5}.Release|Any CPU.Build.0 = Release|Any CPU
		{919E7CDE-AC30-4F23-A509-77A742ECE312}.Debug|Any CPU.ActiveCfg = Debug|Any CPU
		{919E7CDE-AC30-4F23-A509-77A742ECE312}.Debug|Any CPU.Build.0 = Debug|Any CPU
		{919E7CDE-AC30-4F23-A509-77A742ECE312}.Release|Any CPU.ActiveCfg = Release|Any CPU
		{919E7CDE-AC30-4F23-A509-77A742ECE312}.Release|Any CPU.Build.0 = Release|Any CPU
		{F8980A03-3864-4532-BC0C-908969ABE6D1}.Debug|Any CPU.ActiveCfg = Debug|Any CPU
		{F8980A03-3864-4532-BC0C-908969ABE6D1}.Debug|Any CPU.Build.0 = Debug|Any CPU
		{F8980A03-3864-4532-BC0C-908969ABE6D1}.Release|Any CPU.ActiveCfg = Release|Any CPU
		{F8980A03-3864-4532-BC0C-908969ABE6D1}.Release|Any CPU.Build.0 = Release|Any CPU
		{A67DDA74-67A8-46B5-B37C-86FBD6AED3F0}.Debug|Any CPU.ActiveCfg = Debug|Any CPU
		{A67DDA74-67A8-46B5-B37C-86FBD6AED3F0}.Debug|Any CPU.Build.0 = Debug|Any CPU
		{A67DDA74-67A8-46B5-B37C-86FBD6AED3F0}.Release|Any CPU.ActiveCfg = Release|Any CPU
		{A67DDA74-67A8-46B5-B37C-86FBD6AED3F0}.Release|Any CPU.Build.0 = Release|Any CPU
		{ACFC1615-5463-4024-8B2B-C618F6422D06}.Debug|Any CPU.ActiveCfg = Debug|Any CPU
		{ACFC1615-5463-4024-8B2B-C618F6422D06}.Debug|Any CPU.Build.0 = Debug|Any CPU
		{ACFC1615-5463-4024-8B2B-C618F6422D06}.Release|Any CPU.ActiveCfg = Release|Any CPU
		{ACFC1615-5463-4024-8B2B-C618F6422D06}.Release|Any CPU.Build.0 = Release|Any CPU
		{90B0A045-2266-4DD1-A499-81A9DFE33ADA}.Debug|Any CPU.ActiveCfg = Debug|Any CPU
		{90B0A045-2266-4DD1-A499-81A9DFE33ADA}.Debug|Any CPU.Build.0 = Debug|Any CPU
		{90B0A045-2266-4DD1-A499-81A9DFE33ADA}.Release|Any CPU.ActiveCfg = Release|Any CPU
		{90B0A045-2266-4DD1-A499-81A9DFE33ADA}.Release|Any CPU.Build.0 = Release|Any CPU
		{485ACEEF-3250-4481-8F85-435DD5A7375A}.Debug|Any CPU.ActiveCfg = Debug|Any CPU
		{485ACEEF-3250-4481-8F85-435DD5A7375A}.Debug|Any CPU.Build.0 = Debug|Any CPU
		{485ACEEF-3250-4481-8F85-435DD5A7375A}.Release|Any CPU.ActiveCfg = Release|Any CPU
		{485ACEEF-3250-4481-8F85-435DD5A7375A}.Release|Any CPU.Build.0 = Release|Any CPU
		{1C02018D-1BF9-4E1B-9685-A2CA9689D7DE}.Debug|Any CPU.ActiveCfg = Debug|Any CPU
		{1C02018D-1BF9-4E1B-9685-A2CA9689D7DE}.Debug|Any CPU.Build.0 = Debug|Any CPU
		{1C02018D-1BF9-4E1B-9685-A2CA9689D7DE}.Release|Any CPU.ActiveCfg = Release|Any CPU
		{1C02018D-1BF9-4E1B-9685-A2CA9689D7DE}.Release|Any CPU.Build.0 = Release|Any CPU
		{577B6E55-F8F6-4302-90B3-57FAAA1207C5}.Debug|Any CPU.ActiveCfg = Debug|Any CPU
		{577B6E55-F8F6-4302-90B3-57FAAA1207C5}.Debug|Any CPU.Build.0 = Debug|Any CPU
		{577B6E55-F8F6-4302-90B3-57FAAA1207C5}.Release|Any CPU.ActiveCfg = Release|Any CPU
		{577B6E55-F8F6-4302-90B3-57FAAA1207C5}.Release|Any CPU.Build.0 = Release|Any CPU
		{5E3B96F0-1BEA-41FB-B160-0BFFB7274268}.Debug|Any CPU.ActiveCfg = Debug|Any CPU
		{5E3B96F0-1BEA-41FB-B160-0BFFB7274268}.Debug|Any CPU.Build.0 = Debug|Any CPU
		{5E3B96F0-1BEA-41FB-B160-0BFFB7274268}.Release|Any CPU.ActiveCfg = Release|Any CPU
		{5E3B96F0-1BEA-41FB-B160-0BFFB7274268}.Release|Any CPU.Build.0 = Release|Any CPU
		{AD9CDB64-56C3-4661-9073-282E31366534}.Debug|Any CPU.ActiveCfg = Debug|Any CPU
		{AD9CDB64-56C3-4661-9073-282E31366534}.Debug|Any CPU.Build.0 = Debug|Any CPU
		{AD9CDB64-56C3-4661-9073-282E31366534}.Release|Any CPU.ActiveCfg = Release|Any CPU
		{AD9CDB64-56C3-4661-9073-282E31366534}.Release|Any CPU.Build.0 = Release|Any CPU
		{0A071D49-B6FD-40E7-81B4-83F2F93ABF6A}.Debug|Any CPU.ActiveCfg = Debug|Any CPU
		{0A071D49-B6FD-40E7-81B4-83F2F93ABF6A}.Debug|Any CPU.Build.0 = Debug|Any CPU
		{0A071D49-B6FD-40E7-81B4-83F2F93ABF6A}.Release|Any CPU.ActiveCfg = Release|Any CPU
		{0A071D49-B6FD-40E7-81B4-83F2F93ABF6A}.Release|Any CPU.Build.0 = Release|Any CPU
		{2CDEAF72-8210-46FD-81F4-7F4FE1FD13E7}.Debug|Any CPU.ActiveCfg = Debug|Any CPU
		{2CDEAF72-8210-46FD-81F4-7F4FE1FD13E7}.Debug|Any CPU.Build.0 = Debug|Any CPU
		{2CDEAF72-8210-46FD-81F4-7F4FE1FD13E7}.Release|Any CPU.ActiveCfg = Release|Any CPU
		{2CDEAF72-8210-46FD-81F4-7F4FE1FD13E7}.Release|Any CPU.Build.0 = Release|Any CPU
		{E06A870A-CD22-4612-BDE3-3B52687D3BE9}.Debug|Any CPU.ActiveCfg = Debug|Any CPU
		{E06A870A-CD22-4612-BDE3-3B52687D3BE9}.Debug|Any CPU.Build.0 = Debug|Any CPU
		{E06A870A-CD22-4612-BDE3-3B52687D3BE9}.Release|Any CPU.ActiveCfg = Release|Any CPU
		{E06A870A-CD22-4612-BDE3-3B52687D3BE9}.Release|Any CPU.Build.0 = Release|Any CPU
		{DC44A5DB-B464-4FAF-B3E4-3361CAA91287}.Debug|Any CPU.ActiveCfg = Debug|Any CPU
		{DC44A5DB-B464-4FAF-B3E4-3361CAA91287}.Debug|Any CPU.Build.0 = Debug|Any CPU
		{DC44A5DB-B464-4FAF-B3E4-3361CAA91287}.Release|Any CPU.ActiveCfg = Release|Any CPU
		{DC44A5DB-B464-4FAF-B3E4-3361CAA91287}.Release|Any CPU.Build.0 = Release|Any CPU
		{53DC74C7-A11B-4291-B41C-3B5C2BB170C6}.Debug|Any CPU.ActiveCfg = Debug|Any CPU
		{53DC74C7-A11B-4291-B41C-3B5C2BB170C6}.Debug|Any CPU.Build.0 = Debug|Any CPU
		{53DC74C7-A11B-4291-B41C-3B5C2BB170C6}.Release|Any CPU.ActiveCfg = Release|Any CPU
		{53DC74C7-A11B-4291-B41C-3B5C2BB170C6}.Release|Any CPU.Build.0 = Release|Any CPU
	EndGlobalSection
	GlobalSection(SolutionProperties) = preSolution
		HideSolutionNode = FALSE
	EndGlobalSection
	GlobalSection(ExtensibilityGlobals) = postSolution
		SolutionGuid = {95CCD2C3-04AA-47D4-91FF-2893AB59B286}
	EndGlobalSection
EndGlobal
