
Microsoft Visual Studio Solution File, Format Version 12.00
# Visual Studio 15
VisualStudioVersion = 15.0.26730.16
MinimumVisualStudioVersion = 10.0.40219.1
Project("{FAE04EC0-301F-11D3-BF4B-00C04F79EFBC}") = "01.MatchFullName", "01.MatchFullName\01.MatchFullName.csproj", "{17540B98-0FBC-4D93-9E0B-B8FB47299913}"
EndProject
Project("{FAE04EC0-301F-11D3-BF4B-00C04F79EFBC}") = "02.MatchPhoneNumber", "02.MatchPhoneNumber\02.MatchPhoneNumber.csproj", "{C44BA561-9284-4DC4-AE7C-8F057007977B}"
EndProject
Project("{FAE04EC0-301F-11D3-BF4B-00C04F79EFBC}") = "03.MatchHexadecimalNumbers", "03.MatchHexadecimalNumbers\03.MatchHexadecimalNumbers.csproj", "{DC53A803-F41F-4741-B127-A7C9FCE97228}"
EndProject
Project("{FAE04EC0-301F-11D3-BF4B-00C04F79EFBC}") = "04.MatchDates", "04.MatchDates\04.MatchDates.csproj", "{B923DF8A-237E-4804-BA07-CE1E48FFAF8F}"
EndProject
Project("{FAE04EC0-301F-11D3-BF4B-00C04F79EFBC}") = "05.MatchNumbers", "05.MatchNumbers\05.MatchNumbers.csproj", "{662CEFB1-FAEB-4ECB-89B2-FDE6BF58D103}"
EndProject
Project("{FAE04EC0-301F-11D3-BF4B-00C04F79EFBC}") = "06.Replace-a-Tag", "06.Replace-a-Tag\06.Replace-a-Tag.csproj", "{CDDB2D21-E3F7-48B3-BC0D-31958E370772}"
EndProject
Global
	GlobalSection(SolutionConfigurationPlatforms) = preSolution
		Debug|Any CPU = Debug|Any CPU
		Release|Any CPU = Release|Any CPU
	EndGlobalSection
	GlobalSection(ProjectConfigurationPlatforms) = postSolution
		{17540B98-0FBC-4D93-9E0B-B8FB47299913}.Debug|Any CPU.ActiveCfg = Debug|Any CPU
		{17540B98-0FBC-4D93-9E0B-B8FB47299913}.Debug|Any CPU.Build.0 = Debug|Any CPU
		{17540B98-0FBC-4D93-9E0B-B8FB47299913}.Release|Any CPU.ActiveCfg = Release|Any CPU
		{17540B98-0FBC-4D93-9E0B-B8FB47299913}.Release|Any CPU.Build.0 = Release|Any CPU
		{C44BA561-9284-4DC4-AE7C-8F057007977B}.Debug|Any CPU.ActiveCfg = Debug|Any CPU
		{C44BA561-9284-4DC4-AE7C-8F057007977B}.Debug|Any CPU.Build.0 = Debug|Any CPU
		{C44BA561-9284-4DC4-AE7C-8F057007977B}.Release|Any CPU.ActiveCfg = Release|Any CPU
		{C44BA561-9284-4DC4-AE7C-8F057007977B}.Release|Any CPU.Build.0 = Release|Any CPU
		{DC53A803-F41F-4741-B127-A7C9FCE97228}.Debug|Any CPU.ActiveCfg = Debug|Any CPU
		{DC53A803-F41F-4741-B127-A7C9FCE97228}.Debug|Any CPU.Build.0 = Debug|Any CPU
		{DC53A803-F41F-4741-B127-A7C9FCE97228}.Release|Any CPU.ActiveCfg = Release|Any CPU
		{DC53A803-F41F-4741-B127-A7C9FCE97228}.Release|Any CPU.Build.0 = Release|Any CPU
		{B923DF8A-237E-4804-BA07-CE1E48FFAF8F}.Debug|Any CPU.ActiveCfg = Debug|Any CPU
		{B923DF8A-237E-4804-BA07-CE1E48FFAF8F}.Debug|Any CPU.Build.0 = Debug|Any CPU
		{B923DF8A-237E-4804-BA07-CE1E48FFAF8F}.Release|Any CPU.ActiveCfg = Release|Any CPU
		{B923DF8A-237E-4804-BA07-CE1E48FFAF8F}.Release|Any CPU.Build.0 = Release|Any CPU
		{662CEFB1-FAEB-4ECB-89B2-FDE6BF58D103}.Debug|Any CPU.ActiveCfg = Debug|Any CPU
		{662CEFB1-FAEB-4ECB-89B2-FDE6BF58D103}.Debug|Any CPU.Build.0 = Debug|Any CPU
		{662CEFB1-FAEB-4ECB-89B2-FDE6BF58D103}.Release|Any CPU.ActiveCfg = Release|Any CPU
		{662CEFB1-FAEB-4ECB-89B2-FDE6BF58D103}.Release|Any CPU.Build.0 = Release|Any CPU
		{CDDB2D21-E3F7-48B3-BC0D-31958E370772}.Debug|Any CPU.ActiveCfg = Debug|Any CPU
		{CDDB2D21-E3F7-48B3-BC0D-31958E370772}.Debug|Any CPU.Build.0 = Debug|Any CPU
		{CDDB2D21-E3F7-48B3-BC0D-31958E370772}.Release|Any CPU.ActiveCfg = Release|Any CPU
		{CDDB2D21-E3F7-48B3-BC0D-31958E370772}.Release|Any CPU.Build.0 = Release|Any CPU
	EndGlobalSection
	GlobalSection(SolutionProperties) = preSolution
		HideSolutionNode = FALSE
	EndGlobalSection
	GlobalSection(ExtensibilityGlobals) = postSolution
		SolutionGuid = {25105168-6D62-4C95-8DD9-EB9332F3296A}
	EndGlobalSection
EndGlobal
