
Microsoft Visual Studio Solution File, Format Version 12.00
# Visual Studio 15
VisualStudioVersion = 15.0.26730.16
MinimumVisualStudioVersion = 10.0.40219.1
Project("{FAE04EC0-301F-11D3-BF4B-00C04F79EFBC}") = "01.BlankReceipt", "01.BlankReceipt\01.BlankReceipt.csproj", "{23C27AD5-1955-495B-B8CD-E258CF824D1C}"
EndProject
Project("{FAE04EC0-301F-11D3-BF4B-00C04F79EFBC}") = "02.SignOfIntegerNumber", "02.SignOfIntegerNumber\02.SignOfIntegerNumber.csproj", "{9B4E9AF2-36D5-461F-AF73-E980B064EE88}"
EndProject
Project("{FAE04EC0-301F-11D3-BF4B-00C04F79EFBC}") = "03.PrintingTriangle", "03.PrintingTriangle\03.PrintingTriangle.csproj", "{C6DEB669-A23B-4C46-A52C-B6034FFB7949}"
EndProject
Project("{FAE04EC0-301F-11D3-BF4B-00C04F79EFBC}") = "04.DrawAFilledSquare", "04.DrawAFilledSquare\04.DrawAFilledSquare.csproj", "{5F6AB773-BDF4-46A0-BD34-6100201EA1F3}"
EndProject
Project("{FAE04EC0-301F-11D3-BF4B-00C04F79EFBC}") = "05.TemperatureConversion", "05.TemperatureConversion\05.TemperatureConversion.csproj", "{54310A7E-6DE4-464E-9BEA-AEBC57AE61B5}"
EndProject
Project("{FAE04EC0-301F-11D3-BF4B-00C04F79EFBC}") = "06.CalculateTriangleArea", "06.CalculateTriangleArea\06.CalculateTriangleArea.csproj", "{49F3C197-77E8-4723-A28E-B7CD2BF381A6}"
EndProject
Project("{FAE04EC0-301F-11D3-BF4B-00C04F79EFBC}") = "07.MathPower", "07.MathPower\07.MathPower.csproj", "{0C19AF83-8174-4BAE-8BAD-38949A0DD923}"
EndProject
Project("{FAE04EC0-301F-11D3-BF4B-00C04F79EFBC}") = "08.GreaterOfTwoValues", "08.GreaterOfTwoValues\08.GreaterOfTwoValues.csproj", "{A474FA82-499E-4C05-BC54-E7BD39DA5D46}"
EndProject
Project("{FAE04EC0-301F-11D3-BF4B-00C04F79EFBC}") = "09.MultiplyEvensByOdds", "09.MultiplyEvensByOdds\09.MultiplyEvensByOdds.csproj", "{B0862F16-BDED-4783-943B-BB07D44547D5}"
EndProject
Project("{FAE04EC0-301F-11D3-BF4B-00C04F79EFBC}") = "10.HolidaysBetweenTwoDates", "ConsoleApp1\10.HolidaysBetweenTwoDates.csproj", "{C32B66F6-8CDE-4AAF-9CD3-7D9FC256AE08}"
EndProject
Project("{FAE04EC0-301F-11D3-BF4B-00C04F79EFBC}") = "11.PriceChangeAlert", "11.PriceChangeAlert\11.PriceChangeAlert.csproj", "{80C3CD80-9916-46BA-9347-CC808F8718A6}"
EndProject
Global
	GlobalSection(SolutionConfigurationPlatforms) = preSolution
		Debug|Any CPU = Debug|Any CPU
		Release|Any CPU = Release|Any CPU
	EndGlobalSection
	GlobalSection(ProjectConfigurationPlatforms) = postSolution
		{23C27AD5-1955-495B-B8CD-E258CF824D1C}.Debug|Any CPU.ActiveCfg = Debug|Any CPU
		{23C27AD5-1955-495B-B8CD-E258CF824D1C}.Debug|Any CPU.Build.0 = Debug|Any CPU
		{23C27AD5-1955-495B-B8CD-E258CF824D1C}.Release|Any CPU.ActiveCfg = Release|Any CPU
		{23C27AD5-1955-495B-B8CD-E258CF824D1C}.Release|Any CPU.Build.0 = Release|Any CPU
		{9B4E9AF2-36D5-461F-AF73-E980B064EE88}.Debug|Any CPU.ActiveCfg = Debug|Any CPU
		{9B4E9AF2-36D5-461F-AF73-E980B064EE88}.Debug|Any CPU.Build.0 = Debug|Any CPU
		{9B4E9AF2-36D5-461F-AF73-E980B064EE88}.Release|Any CPU.ActiveCfg = Release|Any CPU
		{9B4E9AF2-36D5-461F-AF73-E980B064EE88}.Release|Any CPU.Build.0 = Release|Any CPU
		{C6DEB669-A23B-4C46-A52C-B6034FFB7949}.Debug|Any CPU.ActiveCfg = Debug|Any CPU
		{C6DEB669-A23B-4C46-A52C-B6034FFB7949}.Debug|Any CPU.Build.0 = Debug|Any CPU
		{C6DEB669-A23B-4C46-A52C-B6034FFB7949}.Release|Any CPU.ActiveCfg = Release|Any CPU
		{C6DEB669-A23B-4C46-A52C-B6034FFB7949}.Release|Any CPU.Build.0 = Release|Any CPU
		{5F6AB773-BDF4-46A0-BD34-6100201EA1F3}.Debug|Any CPU.ActiveCfg = Debug|Any CPU
		{5F6AB773-BDF4-46A0-BD34-6100201EA1F3}.Debug|Any CPU.Build.0 = Debug|Any CPU
		{5F6AB773-BDF4-46A0-BD34-6100201EA1F3}.Release|Any CPU.ActiveCfg = Release|Any CPU
		{5F6AB773-BDF4-46A0-BD34-6100201EA1F3}.Release|Any CPU.Build.0 = Release|Any CPU
		{54310A7E-6DE4-464E-9BEA-AEBC57AE61B5}.Debug|Any CPU.ActiveCfg = Debug|Any CPU
		{54310A7E-6DE4-464E-9BEA-AEBC57AE61B5}.Debug|Any CPU.Build.0 = Debug|Any CPU
		{54310A7E-6DE4-464E-9BEA-AEBC57AE61B5}.Release|Any CPU.ActiveCfg = Release|Any CPU
		{54310A7E-6DE4-464E-9BEA-AEBC57AE61B5}.Release|Any CPU.Build.0 = Release|Any CPU
		{49F3C197-77E8-4723-A28E-B7CD2BF381A6}.Debug|Any CPU.ActiveCfg = Debug|Any CPU
		{49F3C197-77E8-4723-A28E-B7CD2BF381A6}.Debug|Any CPU.Build.0 = Debug|Any CPU
		{49F3C197-77E8-4723-A28E-B7CD2BF381A6}.Release|Any CPU.ActiveCfg = Release|Any CPU
		{49F3C197-77E8-4723-A28E-B7CD2BF381A6}.Release|Any CPU.Build.0 = Release|Any CPU
		{0C19AF83-8174-4BAE-8BAD-38949A0DD923}.Debug|Any CPU.ActiveCfg = Debug|Any CPU
		{0C19AF83-8174-4BAE-8BAD-38949A0DD923}.Debug|Any CPU.Build.0 = Debug|Any CPU
		{0C19AF83-8174-4BAE-8BAD-38949A0DD923}.Release|Any CPU.ActiveCfg = Release|Any CPU
		{0C19AF83-8174-4BAE-8BAD-38949A0DD923}.Release|Any CPU.Build.0 = Release|Any CPU
		{A474FA82-499E-4C05-BC54-E7BD39DA5D46}.Debug|Any CPU.ActiveCfg = Debug|Any CPU
		{A474FA82-499E-4C05-BC54-E7BD39DA5D46}.Debug|Any CPU.Build.0 = Debug|Any CPU
		{A474FA82-499E-4C05-BC54-E7BD39DA5D46}.Release|Any CPU.ActiveCfg = Release|Any CPU
		{A474FA82-499E-4C05-BC54-E7BD39DA5D46}.Release|Any CPU.Build.0 = Release|Any CPU
		{B0862F16-BDED-4783-943B-BB07D44547D5}.Debug|Any CPU.ActiveCfg = Debug|Any CPU
		{B0862F16-BDED-4783-943B-BB07D44547D5}.Debug|Any CPU.Build.0 = Debug|Any CPU
		{B0862F16-BDED-4783-943B-BB07D44547D5}.Release|Any CPU.ActiveCfg = Release|Any CPU
		{B0862F16-BDED-4783-943B-BB07D44547D5}.Release|Any CPU.Build.0 = Release|Any CPU
		{C32B66F6-8CDE-4AAF-9CD3-7D9FC256AE08}.Debug|Any CPU.ActiveCfg = Debug|Any CPU
		{C32B66F6-8CDE-4AAF-9CD3-7D9FC256AE08}.Debug|Any CPU.Build.0 = Debug|Any CPU
		{C32B66F6-8CDE-4AAF-9CD3-7D9FC256AE08}.Release|Any CPU.ActiveCfg = Release|Any CPU
		{C32B66F6-8CDE-4AAF-9CD3-7D9FC256AE08}.Release|Any CPU.Build.0 = Release|Any CPU
		{80C3CD80-9916-46BA-9347-CC808F8718A6}.Debug|Any CPU.ActiveCfg = Debug|Any CPU
		{80C3CD80-9916-46BA-9347-CC808F8718A6}.Debug|Any CPU.Build.0 = Debug|Any CPU
		{80C3CD80-9916-46BA-9347-CC808F8718A6}.Release|Any CPU.ActiveCfg = Release|Any CPU
		{80C3CD80-9916-46BA-9347-CC808F8718A6}.Release|Any CPU.Build.0 = Release|Any CPU
	EndGlobalSection
	GlobalSection(SolutionProperties) = preSolution
		HideSolutionNode = FALSE
	EndGlobalSection
	GlobalSection(ExtensibilityGlobals) = postSolution
		SolutionGuid = {DBEDE62A-F096-4C2D-97E2-9D0310CDFFB1}
	EndGlobalSection
EndGlobal
