
Microsoft Visual Studio Solution File, Format Version 12.00
# Visual Studio 15
VisualStudioVersion = 15.0.26730.16
MinimumVisualStudioVersion = 10.0.40219.1
Project("{FAE04EC0-301F-11D3-BF4B-00C04F79EFBC}") = "01. Charity Marathon", "01. Charity Marathon\01. Charity Marathon.csproj", "{D2F69134-0236-44BD-B916-430E7D8DF6BA}"
EndProject
Project("{FAE04EC0-301F-11D3-BF4B-00C04F79EFBC}") = "02. Ladybugs", "02. Ladybugs\02. Ladybugs.csproj", "{452635E9-E857-4BAD-AF17-9DB8B8BB74D4}"
EndProject
Project("{FAE04EC0-301F-11D3-BF4B-00C04F79EFBC}") = "03. Nether Realms", "03. Nether Realms\03. Nether Realms.csproj", "{23DCF1D4-E678-41A5-942A-4279F6340414}"
EndProject
Project("{FAE04EC0-301F-11D3-BF4B-00C04F79EFBC}") = "04. Roli The Coder", "04. Roli The Coder\04. Roli The Coder.csproj", "{A471480A-27FD-42D6-BB3F-2CDFC731D3D6}"
EndProject
Global
	GlobalSection(SolutionConfigurationPlatforms) = preSolution
		Debug|Any CPU = Debug|Any CPU
		Release|Any CPU = Release|Any CPU
	EndGlobalSection
	GlobalSection(ProjectConfigurationPlatforms) = postSolution
		{D2F69134-0236-44BD-B916-430E7D8DF6BA}.Debug|Any CPU.ActiveCfg = Debug|Any CPU
		{D2F69134-0236-44BD-B916-430E7D8DF6BA}.Debug|Any CPU.Build.0 = Debug|Any CPU
		{D2F69134-0236-44BD-B916-430E7D8DF6BA}.Release|Any CPU.ActiveCfg = Release|Any CPU
		{D2F69134-0236-44BD-B916-430E7D8DF6BA}.Release|Any CPU.Build.0 = Release|Any CPU
		{452635E9-E857-4BAD-AF17-9DB8B8BB74D4}.Debug|Any CPU.ActiveCfg = Debug|Any CPU
		{452635E9-E857-4BAD-AF17-9DB8B8BB74D4}.Debug|Any CPU.Build.0 = Debug|Any CPU
		{452635E9-E857-4BAD-AF17-9DB8B8BB74D4}.Release|Any CPU.ActiveCfg = Release|Any CPU
		{452635E9-E857-4BAD-AF17-9DB8B8BB74D4}.Release|Any CPU.Build.0 = Release|Any CPU
		{23DCF1D4-E678-41A5-942A-4279F6340414}.Debug|Any CPU.ActiveCfg = Debug|Any CPU
		{23DCF1D4-E678-41A5-942A-4279F6340414}.Debug|Any CPU.Build.0 = Debug|Any CPU
		{23DCF1D4-E678-41A5-942A-4279F6340414}.Release|Any CPU.ActiveCfg = Release|Any CPU
		{23DCF1D4-E678-41A5-942A-4279F6340414}.Release|Any CPU.Build.0 = Release|Any CPU
		{A471480A-27FD-42D6-BB3F-2CDFC731D3D6}.Debug|Any CPU.ActiveCfg = Debug|Any CPU
		{A471480A-27FD-42D6-BB3F-2CDFC731D3D6}.Debug|Any CPU.Build.0 = Debug|Any CPU
		{A471480A-27FD-42D6-BB3F-2CDFC731D3D6}.Release|Any CPU.ActiveCfg = Release|Any CPU
		{A471480A-27FD-42D6-BB3F-2CDFC731D3D6}.Release|Any CPU.Build.0 = Release|Any CPU
	EndGlobalSection
	GlobalSection(SolutionProperties) = preSolution
		HideSolutionNode = FALSE
	EndGlobalSection
	GlobalSection(ExtensibilityGlobals) = postSolution
		SolutionGuid = {29C95730-B303-4A33-921C-D36555D6AABB}
	EndGlobalSection
EndGlobal
