
Microsoft Visual Studio Solution File, Format Version 12.00
# Visual Studio 15
VisualStudioVersion = 15.0.26730.16
MinimumVisualStudioVersion = 10.0.40219.1
Project("{FAE04EC0-301F-11D3-BF4B-00C04F79EFBC}") = "01. Anonymous Downsite", "01. Anonymous Downsite\01. Anonymous Downsite.csproj", "{D1B2989B-F4F9-4575-BFA7-09D0ADD49939}"
EndProject
Project("{FAE04EC0-301F-11D3-BF4B-00C04F79EFBC}") = "02. Anonymous Threat", "02. Anonymous Threat\02. Anonymous Threat.csproj", "{737D5391-210B-4FDC-B877-A843F8F20950}"
EndProject
Project("{FAE04EC0-301F-11D3-BF4B-00C04F79EFBC}") = "03. Anonymous Vox", "03. Anonymous Vox\03. Anonymous Vox.csproj", "{7D68C50B-BE7F-434A-8D75-548272477DF3}"
EndProject
Project("{FAE04EC0-301F-11D3-BF4B-00C04F79EFBC}") = "04. Anonymous Cache", "04. Anonymous Cache\04. Anonymous Cache.csproj", "{255208FF-EFBE-4693-A4F1-08E870317BF5}"
EndProject
Global
	GlobalSection(SolutionConfigurationPlatforms) = preSolution
		Debug|Any CPU = Debug|Any CPU
		Release|Any CPU = Release|Any CPU
	EndGlobalSection
	GlobalSection(ProjectConfigurationPlatforms) = postSolution
		{D1B2989B-F4F9-4575-BFA7-09D0ADD49939}.Debug|Any CPU.ActiveCfg = Debug|Any CPU
		{D1B2989B-F4F9-4575-BFA7-09D0ADD49939}.Debug|Any CPU.Build.0 = Debug|Any CPU
		{D1B2989B-F4F9-4575-BFA7-09D0ADD49939}.Release|Any CPU.ActiveCfg = Release|Any CPU
		{D1B2989B-F4F9-4575-BFA7-09D0ADD49939}.Release|Any CPU.Build.0 = Release|Any CPU
		{737D5391-210B-4FDC-B877-A843F8F20950}.Debug|Any CPU.ActiveCfg = Debug|Any CPU
		{737D5391-210B-4FDC-B877-A843F8F20950}.Debug|Any CPU.Build.0 = Debug|Any CPU
		{737D5391-210B-4FDC-B877-A843F8F20950}.Release|Any CPU.ActiveCfg = Release|Any CPU
		{737D5391-210B-4FDC-B877-A843F8F20950}.Release|Any CPU.Build.0 = Release|Any CPU
		{7D68C50B-BE7F-434A-8D75-548272477DF3}.Debug|Any CPU.ActiveCfg = Debug|Any CPU
		{7D68C50B-BE7F-434A-8D75-548272477DF3}.Debug|Any CPU.Build.0 = Debug|Any CPU
		{7D68C50B-BE7F-434A-8D75-548272477DF3}.Release|Any CPU.ActiveCfg = Release|Any CPU
		{7D68C50B-BE7F-434A-8D75-548272477DF3}.Release|Any CPU.Build.0 = Release|Any CPU
		{255208FF-EFBE-4693-A4F1-08E870317BF5}.Debug|Any CPU.ActiveCfg = Debug|Any CPU
		{255208FF-EFBE-4693-A4F1-08E870317BF5}.Debug|Any CPU.Build.0 = Debug|Any CPU
		{255208FF-EFBE-4693-A4F1-08E870317BF5}.Release|Any CPU.ActiveCfg = Release|Any CPU
		{255208FF-EFBE-4693-A4F1-08E870317BF5}.Release|Any CPU.Build.0 = Release|Any CPU
	EndGlobalSection
	GlobalSection(SolutionProperties) = preSolution
		HideSolutionNode = FALSE
	EndGlobalSection
	GlobalSection(ExtensibilityGlobals) = postSolution
		SolutionGuid = {DB3E8F2F-874C-45A3-B54E-677D5CD1A456}
	EndGlobalSection
EndGlobal
