
Microsoft Visual Studio Solution File, Format Version 12.00
# Visual Studio 15
VisualStudioVersion = 15.0.27004.2009
MinimumVisualStudioVersion = 10.0.40219.1
Project("{FAE04EC0-301F-11D3-BF4B-00C04F79EFBC}") = "01. Odd Occurrences", "01. Odd Occurrences\01. Odd Occurrences.csproj", "{2765DC39-C100-4C32-AEE7-D704016F2B23}"
EndProject
Project("{FAE04EC0-301F-11D3-BF4B-00C04F79EFBC}") = "02. Average Student Grades", "02. Average Student Grades\02. Average Student Grades.csproj", "{7843A125-1D3E-4533-998D-8AE6DC84AAFF}"
EndProject
Project("{FAE04EC0-301F-11D3-BF4B-00C04F79EFBC}") = "03. Cities by Continent and Country", "03. Cities by Continent and Country\03. Cities by Continent and Country.csproj", "{AA0C0300-08FB-49D0-A464-10114298C802}"
EndProject
Project("{FAE04EC0-301F-11D3-BF4B-00C04F79EFBC}") = "04.Sum,Min,Max,Average", "04.Sum,Min,Max,Average\04.Sum,Min,Max,Average.csproj", "{6E309C83-55B4-4061-A9A5-8B37F0F6807E}"
EndProject
Project("{FAE04EC0-301F-11D3-BF4B-00C04F79EFBC}") = "05.Largest3Numbers", "05.Largest3Numbers\05.Largest3Numbers.csproj", "{F83043A5-DFB1-4CCB-980D-78666DFB0CB3}"
EndProject
Project("{FAE04EC0-301F-11D3-BF4B-00C04F79EFBC}") = "06. FoldAndSum", "06. FoldAndSum\06. FoldAndSum.csproj", "{2AE2171A-CE0F-4113-A352-1F1D3138013D}"
EndProject
Global
	GlobalSection(SolutionConfigurationPlatforms) = preSolution
		Debug|Any CPU = Debug|Any CPU
		Release|Any CPU = Release|Any CPU
	EndGlobalSection
	GlobalSection(ProjectConfigurationPlatforms) = postSolution
		{2765DC39-C100-4C32-AEE7-D704016F2B23}.Debug|Any CPU.ActiveCfg = Debug|Any CPU
		{2765DC39-C100-4C32-AEE7-D704016F2B23}.Debug|Any CPU.Build.0 = Debug|Any CPU
		{2765DC39-C100-4C32-AEE7-D704016F2B23}.Release|Any CPU.ActiveCfg = Release|Any CPU
		{2765DC39-C100-4C32-AEE7-D704016F2B23}.Release|Any CPU.Build.0 = Release|Any CPU
		{7843A125-1D3E-4533-998D-8AE6DC84AAFF}.Debug|Any CPU.ActiveCfg = Debug|Any CPU
		{7843A125-1D3E-4533-998D-8AE6DC84AAFF}.Debug|Any CPU.Build.0 = Debug|Any CPU
		{7843A125-1D3E-4533-998D-8AE6DC84AAFF}.Release|Any CPU.ActiveCfg = Release|Any CPU
		{7843A125-1D3E-4533-998D-8AE6DC84AAFF}.Release|Any CPU.Build.0 = Release|Any CPU
		{AA0C0300-08FB-49D0-A464-10114298C802}.Debug|Any CPU.ActiveCfg = Debug|Any CPU
		{AA0C0300-08FB-49D0-A464-10114298C802}.Debug|Any CPU.Build.0 = Debug|Any CPU
		{AA0C0300-08FB-49D0-A464-10114298C802}.Release|Any CPU.ActiveCfg = Release|Any CPU
		{AA0C0300-08FB-49D0-A464-10114298C802}.Release|Any CPU.Build.0 = Release|Any CPU
		{6E309C83-55B4-4061-A9A5-8B37F0F6807E}.Debug|Any CPU.ActiveCfg = Debug|Any CPU
		{6E309C83-55B4-4061-A9A5-8B37F0F6807E}.Debug|Any CPU.Build.0 = Debug|Any CPU
		{6E309C83-55B4-4061-A9A5-8B37F0F6807E}.Release|Any CPU.ActiveCfg = Release|Any CPU
		{6E309C83-55B4-4061-A9A5-8B37F0F6807E}.Release|Any CPU.Build.0 = Release|Any CPU
		{F83043A5-DFB1-4CCB-980D-78666DFB0CB3}.Debug|Any CPU.ActiveCfg = Debug|Any CPU
		{F83043A5-DFB1-4CCB-980D-78666DFB0CB3}.Debug|Any CPU.Build.0 = Debug|Any CPU
		{F83043A5-DFB1-4CCB-980D-78666DFB0CB3}.Release|Any CPU.ActiveCfg = Release|Any CPU
		{F83043A5-DFB1-4CCB-980D-78666DFB0CB3}.Release|Any CPU.Build.0 = Release|Any CPU
		{2AE2171A-CE0F-4113-A352-1F1D3138013D}.Debug|Any CPU.ActiveCfg = Debug|Any CPU
		{2AE2171A-CE0F-4113-A352-1F1D3138013D}.Debug|Any CPU.Build.0 = Debug|Any CPU
		{2AE2171A-CE0F-4113-A352-1F1D3138013D}.Release|Any CPU.ActiveCfg = Release|Any CPU
		{2AE2171A-CE0F-4113-A352-1F1D3138013D}.Release|Any CPU.Build.0 = Release|Any CPU
	EndGlobalSection
	GlobalSection(SolutionProperties) = preSolution
		HideSolutionNode = FALSE
	EndGlobalSection
	GlobalSection(ExtensibilityGlobals) = postSolution
		SolutionGuid = {060DB21D-0182-45CC-B962-8D8E1BCC2FBC}
	EndGlobalSection
EndGlobal
