
Microsoft Visual Studio Solution File, Format Version 12.00
# Visual Studio 15
VisualStudioVersion = 15.0.26730.16
MinimumVisualStudioVersion = 10.0.40219.1
Project("{FAE04EC0-301F-11D3-BF4B-00C04F79EFBC}") = "01. Integer Types", "01. Integer Types\01. Integer Types.csproj", "{B9568B18-392F-4A9E-B839-65CEE8FFBCE4}"
EndProject
Project("{FAE04EC0-301F-11D3-BF4B-00C04F79EFBC}") = "02. Real Number Types", "02. Real Number Types\02. Real Number Types.csproj", "{4472B131-29B5-4C10-9229-94E2EF740A3E}"
EndProject
Project("{FAE04EC0-301F-11D3-BF4B-00C04F79EFBC}") = "03. Big Power", "03. Big Power\03. Big Power.csproj", "{8C45500F-51F7-4BBC-BED0-AA93EF063D13}"
EndProject
Global
	GlobalSection(SolutionConfigurationPlatforms) = preSolution
		Debug|Any CPU = Debug|Any CPU
		Release|Any CPU = Release|Any CPU
	EndGlobalSection
	GlobalSection(ProjectConfigurationPlatforms) = postSolution
		{B9568B18-392F-4A9E-B839-65CEE8FFBCE4}.Debug|Any CPU.ActiveCfg = Debug|Any CPU
		{B9568B18-392F-4A9E-B839-65CEE8FFBCE4}.Debug|Any CPU.Build.0 = Debug|Any CPU
		{B9568B18-392F-4A9E-B839-65CEE8FFBCE4}.Release|Any CPU.ActiveCfg = Release|Any CPU
		{B9568B18-392F-4A9E-B839-65CEE8FFBCE4}.Release|Any CPU.Build.0 = Release|Any CPU
		{4472B131-29B5-4C10-9229-94E2EF740A3E}.Debug|Any CPU.ActiveCfg = Debug|Any CPU
		{4472B131-29B5-4C10-9229-94E2EF740A3E}.Debug|Any CPU.Build.0 = Debug|Any CPU
		{4472B131-29B5-4C10-9229-94E2EF740A3E}.Release|Any CPU.ActiveCfg = Release|Any CPU
		{4472B131-29B5-4C10-9229-94E2EF740A3E}.Release|Any CPU.Build.0 = Release|Any CPU
		{8C45500F-51F7-4BBC-BED0-AA93EF063D13}.Debug|Any CPU.ActiveCfg = Debug|Any CPU
		{8C45500F-51F7-4BBC-BED0-AA93EF063D13}.Debug|Any CPU.Build.0 = Debug|Any CPU
		{8C45500F-51F7-4BBC-BED0-AA93EF063D13}.Release|Any CPU.ActiveCfg = Release|Any CPU
		{8C45500F-51F7-4BBC-BED0-AA93EF063D13}.Release|Any CPU.Build.0 = Release|Any CPU
	EndGlobalSection
	GlobalSection(SolutionProperties) = preSolution
		HideSolutionNode = FALSE
	EndGlobalSection
	GlobalSection(ExtensibilityGlobals) = postSolution
		SolutionGuid = {1388F01A-E90E-4859-A2F0-9CEE991C63EF}
	EndGlobalSection
EndGlobal
