
Microsoft Visual Studio Solution File, Format Version 12.00
# Visual Studio 15
VisualStudioVersion = 15.0.26730.16
MinimumVisualStudioVersion = 10.0.40219.1
Project("{FAE04EC0-301F-11D3-BF4B-00C04F79EFBC}") = "01.MaxSequenceOfEqualElements", "01.MaxSequenceOfEqualElements\01.MaxSequenceOfEqualElements.csproj", "{62826627-8D59-469F-93D4-FAB5D5A3287B}"
EndProject
Project("{FAE04EC0-301F-11D3-BF4B-00C04F79EFBC}") = "02.ChangeList", "02.ChangeList\02.ChangeList.csproj", "{344F71F4-F30E-4720-8677-A815DA2FFEBB}"
EndProject
Project("{FAE04EC0-301F-11D3-BF4B-00C04F79EFBC}") = "03.SearchForANumber", "03.SearchForANumber\03.SearchForANumber.csproj", "{FF37A5A0-B711-4338-9150-EFB94291CC16}"
EndProject
Project("{FAE04EC0-301F-11D3-BF4B-00C04F79EFBC}") = "04.LongestIncreasingSubsequence(LIS)", "04.LongestIncreasingSubsequence(LIS)\04.LongestIncreasingSubsequence(LIS).csproj", "{5306DCB8-5A0F-451C-A47A-0C9265A7068F}"
EndProject
Project("{FAE04EC0-301F-11D3-BF4B-00C04F79EFBC}") = "05.ArrayManipulator", "05.ArrayManipulator\05.ArrayManipulator.csproj", "{8B9F502F-7A53-4900-9F49-DDFD113A4CFD}"
EndProject
Project("{FAE04EC0-301F-11D3-BF4B-00C04F79EFBC}") = "06.SumReversedNumbers", "06.SumReversedNumbers\06.SumReversedNumbers.csproj", "{27301D67-2642-4000-879E-DA6BDEDF5CEB}"
EndProject
Project("{FAE04EC0-301F-11D3-BF4B-00C04F79EFBC}") = "07.BombNumbers", "07.BombNumbers\07.BombNumbers.csproj", "{E850B586-9F9D-4BAC-BBDD-083C80648FE1}"
EndProject
Global
	GlobalSection(SolutionConfigurationPlatforms) = preSolution
		Debug|Any CPU = Debug|Any CPU
		Release|Any CPU = Release|Any CPU
	EndGlobalSection
	GlobalSection(ProjectConfigurationPlatforms) = postSolution
		{62826627-8D59-469F-93D4-FAB5D5A3287B}.Debug|Any CPU.ActiveCfg = Debug|Any CPU
		{62826627-8D59-469F-93D4-FAB5D5A3287B}.Debug|Any CPU.Build.0 = Debug|Any CPU
		{62826627-8D59-469F-93D4-FAB5D5A3287B}.Release|Any CPU.ActiveCfg = Release|Any CPU
		{62826627-8D59-469F-93D4-FAB5D5A3287B}.Release|Any CPU.Build.0 = Release|Any CPU
		{344F71F4-F30E-4720-8677-A815DA2FFEBB}.Debug|Any CPU.ActiveCfg = Debug|Any CPU
		{344F71F4-F30E-4720-8677-A815DA2FFEBB}.Debug|Any CPU.Build.0 = Debug|Any CPU
		{344F71F4-F30E-4720-8677-A815DA2FFEBB}.Release|Any CPU.ActiveCfg = Release|Any CPU
		{344F71F4-F30E-4720-8677-A815DA2FFEBB}.Release|Any CPU.Build.0 = Release|Any CPU
		{FF37A5A0-B711-4338-9150-EFB94291CC16}.Debug|Any CPU.ActiveCfg = Debug|Any CPU
		{FF37A5A0-B711-4338-9150-EFB94291CC16}.Debug|Any CPU.Build.0 = Debug|Any CPU
		{FF37A5A0-B711-4338-9150-EFB94291CC16}.Release|Any CPU.ActiveCfg = Release|Any CPU
		{FF37A5A0-B711-4338-9150-EFB94291CC16}.Release|Any CPU.Build.0 = Release|Any CPU
		{5306DCB8-5A0F-451C-A47A-0C9265A7068F}.Debug|Any CPU.ActiveCfg = Debug|Any CPU
		{5306DCB8-5A0F-451C-A47A-0C9265A7068F}.Debug|Any CPU.Build.0 = Debug|Any CPU
		{5306DCB8-5A0F-451C-A47A-0C9265A7068F}.Release|Any CPU.ActiveCfg = Release|Any CPU
		{5306DCB8-5A0F-451C-A47A-0C9265A7068F}.Release|Any CPU.Build.0 = Release|Any CPU
		{8B9F502F-7A53-4900-9F49-DDFD113A4CFD}.Debug|Any CPU.ActiveCfg = Debug|Any CPU
		{8B9F502F-7A53-4900-9F49-DDFD113A4CFD}.Debug|Any CPU.Build.0 = Debug|Any CPU
		{8B9F502F-7A53-4900-9F49-DDFD113A4CFD}.Release|Any CPU.ActiveCfg = Release|Any CPU
		{8B9F502F-7A53-4900-9F49-DDFD113A4CFD}.Release|Any CPU.Build.0 = Release|Any CPU
		{27301D67-2642-4000-879E-DA6BDEDF5CEB}.Debug|Any CPU.ActiveCfg = Debug|Any CPU
		{27301D67-2642-4000-879E-DA6BDEDF5CEB}.Debug|Any CPU.Build.0 = Debug|Any CPU
		{27301D67-2642-4000-879E-DA6BDEDF5CEB}.Release|Any CPU.ActiveCfg = Release|Any CPU
		{27301D67-2642-4000-879E-DA6BDEDF5CEB}.Release|Any CPU.Build.0 = Release|Any CPU
		{E850B586-9F9D-4BAC-BBDD-083C80648FE1}.Debug|Any CPU.ActiveCfg = Debug|Any CPU
		{E850B586-9F9D-4BAC-BBDD-083C80648FE1}.Debug|Any CPU.Build.0 = Debug|Any CPU
		{E850B586-9F9D-4BAC-BBDD-083C80648FE1}.Release|Any CPU.ActiveCfg = Release|Any CPU
		{E850B586-9F9D-4BAC-BBDD-083C80648FE1}.Release|Any CPU.Build.0 = Release|Any CPU
	EndGlobalSection
	GlobalSection(SolutionProperties) = preSolution
		HideSolutionNode = FALSE
	EndGlobalSection
	GlobalSection(ExtensibilityGlobals) = postSolution
		SolutionGuid = {62098FCB-E555-4B96-842C-5A4F7BF2BBB6}
	EndGlobalSection
EndGlobal
