
Microsoft Visual Studio Solution File, Format Version 12.00
# Visual Studio 15
VisualStudioVersion = 15.0.26730.16
MinimumVisualStudioVersion = 10.0.40219.1
Project("{FAE04EC0-301F-11D3-BF4B-00C04F79EFBC}") = "01.RemoveNegativesAndReverse", "01.RemoveNegativesAndReverse\01.RemoveNegativesAndReverse.csproj", "{A3319287-B039-42A6-A481-8D0CE449E765}"
EndProject
Project("{FAE04EC0-301F-11D3-BF4B-00C04F79EFBC}") = "02.AppendList", "02.AppendList\02.AppendList.csproj", "{86174A35-8FA0-4BD6-B407-C5975D8D363F}"
EndProject
Project("{FAE04EC0-301F-11D3-BF4B-00C04F79EFBC}") = "03.SumAdjacentEqualNumbers", "03.SumAdjacentEqualNumbers\03.SumAdjacentEqualNumbers.csproj", "{7B26FE6D-C5D2-44FE-B6B2-87E7DBB80B6F}"
EndProject
Project("{FAE04EC0-301F-11D3-BF4B-00C04F79EFBC}") = "04.SplitByWordCasing", "04.SplitByWordCasing\04.SplitByWordCasing.csproj", "{AE0BD778-2494-4A63-9838-7B6108B06DB9}"
EndProject
Project("{FAE04EC0-301F-11D3-BF4B-00C04F79EFBC}") = "05.SortNumbers", "05.SortNumbers\05.SortNumbers.csproj", "{1F6F99E2-C0FC-4ADD-BAFD-E482B99FDE49}"
EndProject
Project("{FAE04EC0-301F-11D3-BF4B-00C04F79EFBC}") = "06.SquareNumbers", "06.SquareNumbers\06.SquareNumbers.csproj", "{C36BEAB6-3413-43DD-ABEF-83ECFDDEF9AB}"
EndProject
Project("{FAE04EC0-301F-11D3-BF4B-00C04F79EFBC}") = "07.CountNumbers", "07.CountNumbers\07.CountNumbers.csproj", "{44B3FC6A-1B7B-4469-89FB-9DAFB2C0A75C}"
EndProject
Global
	GlobalSection(SolutionConfigurationPlatforms) = preSolution
		Debug|Any CPU = Debug|Any CPU
		Release|Any CPU = Release|Any CPU
	EndGlobalSection
	GlobalSection(ProjectConfigurationPlatforms) = postSolution
		{A3319287-B039-42A6-A481-8D0CE449E765}.Debug|Any CPU.ActiveCfg = Debug|Any CPU
		{A3319287-B039-42A6-A481-8D0CE449E765}.Debug|Any CPU.Build.0 = Debug|Any CPU
		{A3319287-B039-42A6-A481-8D0CE449E765}.Release|Any CPU.ActiveCfg = Release|Any CPU
		{A3319287-B039-42A6-A481-8D0CE449E765}.Release|Any CPU.Build.0 = Release|Any CPU
		{86174A35-8FA0-4BD6-B407-C5975D8D363F}.Debug|Any CPU.ActiveCfg = Debug|Any CPU
		{86174A35-8FA0-4BD6-B407-C5975D8D363F}.Debug|Any CPU.Build.0 = Debug|Any CPU
		{86174A35-8FA0-4BD6-B407-C5975D8D363F}.Release|Any CPU.ActiveCfg = Release|Any CPU
		{86174A35-8FA0-4BD6-B407-C5975D8D363F}.Release|Any CPU.Build.0 = Release|Any CPU
		{7B26FE6D-C5D2-44FE-B6B2-87E7DBB80B6F}.Debug|Any CPU.ActiveCfg = Debug|Any CPU
		{7B26FE6D-C5D2-44FE-B6B2-87E7DBB80B6F}.Debug|Any CPU.Build.0 = Debug|Any CPU
		{7B26FE6D-C5D2-44FE-B6B2-87E7DBB80B6F}.Release|Any CPU.ActiveCfg = Release|Any CPU
		{7B26FE6D-C5D2-44FE-B6B2-87E7DBB80B6F}.Release|Any CPU.Build.0 = Release|Any CPU
		{AE0BD778-2494-4A63-9838-7B6108B06DB9}.Debug|Any CPU.ActiveCfg = Debug|Any CPU
		{AE0BD778-2494-4A63-9838-7B6108B06DB9}.Debug|Any CPU.Build.0 = Debug|Any CPU
		{AE0BD778-2494-4A63-9838-7B6108B06DB9}.Release|Any CPU.ActiveCfg = Release|Any CPU
		{AE0BD778-2494-4A63-9838-7B6108B06DB9}.Release|Any CPU.Build.0 = Release|Any CPU
		{1F6F99E2-C0FC-4ADD-BAFD-E482B99FDE49}.Debug|Any CPU.ActiveCfg = Debug|Any CPU
		{1F6F99E2-C0FC-4ADD-BAFD-E482B99FDE49}.Debug|Any CPU.Build.0 = Debug|Any CPU
		{1F6F99E2-C0FC-4ADD-BAFD-E482B99FDE49}.Release|Any CPU.ActiveCfg = Release|Any CPU
		{1F6F99E2-C0FC-4ADD-BAFD-E482B99FDE49}.Release|Any CPU.Build.0 = Release|Any CPU
		{C36BEAB6-3413-43DD-ABEF-83ECFDDEF9AB}.Debug|Any CPU.ActiveCfg = Debug|Any CPU
		{C36BEAB6-3413-43DD-ABEF-83ECFDDEF9AB}.Debug|Any CPU.Build.0 = Debug|Any CPU
		{C36BEAB6-3413-43DD-ABEF-83ECFDDEF9AB}.Release|Any CPU.ActiveCfg = Release|Any CPU
		{C36BEAB6-3413-43DD-ABEF-83ECFDDEF9AB}.Release|Any CPU.Build.0 = Release|Any CPU
		{44B3FC6A-1B7B-4469-89FB-9DAFB2C0A75C}.Debug|Any CPU.ActiveCfg = Debug|Any CPU
		{44B3FC6A-1B7B-4469-89FB-9DAFB2C0A75C}.Debug|Any CPU.Build.0 = Debug|Any CPU
		{44B3FC6A-1B7B-4469-89FB-9DAFB2C0A75C}.Release|Any CPU.ActiveCfg = Release|Any CPU
		{44B3FC6A-1B7B-4469-89FB-9DAFB2C0A75C}.Release|Any CPU.Build.0 = Release|Any CPU
	EndGlobalSection
	GlobalSection(SolutionProperties) = preSolution
		HideSolutionNode = FALSE
	EndGlobalSection
	GlobalSection(ExtensibilityGlobals) = postSolution
		SolutionGuid = {1F741111-3D4F-4D0F-9223-91F94E1B64B8}
	EndGlobalSection
EndGlobal
