
Microsoft Visual Studio Solution File, Format Version 12.00
# Visual Studio 15
VisualStudioVersion = 15.0.28010.2016
MinimumVisualStudioVersion = 10.0.40219.1
Project("{9A19103F-16F7-4668-BE54-9A1E7A4F7556}") = "01.ReverseString", "01.ReverseString\01.ReverseString.csproj", "{2233683B-AAA0-4246-9C5B-FBA0305EDB5B}"
EndProject
Project("{9A19103F-16F7-4668-BE54-9A1E7A4F7556}") = "02.SImpleCalculator", "02.SImpleCalculator\02.SImpleCalculator.csproj", "{7D34BB85-63A7-4F31-8429-3EF3218270D5}"
EndProject
Project("{FAE04EC0-301F-11D3-BF4B-00C04F79EFBC}") = "03.DecimalToBinaryConverter", "03.DecimalToBinaryConverter\03.DecimalToBinaryConverter.csproj", "{3F02D9AB-A7C3-497A-9863-D8D8510EC173}"
EndProject
Global
	GlobalSection(SolutionConfigurationPlatforms) = preSolution
		Debug|Any CPU = Debug|Any CPU
		Release|Any CPU = Release|Any CPU
	EndGlobalSection
	GlobalSection(ProjectConfigurationPlatforms) = postSolution
		{2233683B-AAA0-4246-9C5B-FBA0305EDB5B}.Debug|Any CPU.ActiveCfg = Debug|Any CPU
		{2233683B-AAA0-4246-9C5B-FBA0305EDB5B}.Debug|Any CPU.Build.0 = Debug|Any CPU
		{2233683B-AAA0-4246-9C5B-FBA0305EDB5B}.Release|Any CPU.ActiveCfg = Release|Any CPU
		{2233683B-AAA0-4246-9C5B-FBA0305EDB5B}.Release|Any CPU.Build.0 = Release|Any CPU
		{7D34BB85-63A7-4F31-8429-3EF3218270D5}.Debug|Any CPU.ActiveCfg = Debug|Any CPU
		{7D34BB85-63A7-4F31-8429-3EF3218270D5}.Debug|Any CPU.Build.0 = Debug|Any CPU
		{7D34BB85-63A7-4F31-8429-3EF3218270D5}.Release|Any CPU.ActiveCfg = Release|Any CPU
		{7D34BB85-63A7-4F31-8429-3EF3218270D5}.Release|Any CPU.Build.0 = Release|Any CPU
		{3F02D9AB-A7C3-497A-9863-D8D8510EC173}.Debug|Any CPU.ActiveCfg = Debug|Any CPU
		{3F02D9AB-A7C3-497A-9863-D8D8510EC173}.Debug|Any CPU.Build.0 = Debug|Any CPU
		{3F02D9AB-A7C3-497A-9863-D8D8510EC173}.Release|Any CPU.ActiveCfg = Release|Any CPU
		{3F02D9AB-A7C3-497A-9863-D8D8510EC173}.Release|Any CPU.Build.0 = Release|Any CPU
	EndGlobalSection
	GlobalSection(SolutionProperties) = preSolution
		HideSolutionNode = FALSE
	EndGlobalSection
	GlobalSection(ExtensibilityGlobals) = postSolution
		SolutionGuid = {0F478525-74BF-4EA3-9A0F-D4773830AD72}
	EndGlobalSection
EndGlobal
