
Microsoft Visual Studio Solution File, Format Version 12.00
# Visual Studio 15
VisualStudioVersion = 15.0.26730.16
MinimumVisualStudioVersion = 10.0.40219.1
Project("{FAE04EC0-301F-11D3-BF4B-00C04F79EFBC}") = "01.Rotate Array of Strings", "01.Rotate Array of Strings\01.Rotate Array of Strings.csproj", "{2A883F31-3D26-4C0B-81D8-5AA994376480}"
EndProject
Project("{FAE04EC0-301F-11D3-BF4B-00C04F79EFBC}") = "02. Odd Numbers at Odd Positions", "02. Odd Numbers at Odd Positions\02. Odd Numbers at Odd Positions.csproj", "{89BD946C-E69C-4B0F-9805-8E64148970FF}"
EndProject
Project("{FAE04EC0-301F-11D3-BF4B-00C04F79EFBC}") = "03. Array Contains Element", "03. Array Contains Element\03. Array Contains Element.csproj", "{20E4DD1A-D77A-461E-BEA4-A2189925D230}"
EndProject
Project("{FAE04EC0-301F-11D3-BF4B-00C04F79EFBC}") = "04. Sort Numbers", "04. Sort Numbers\04. Sort Numbers.csproj", "{501C64B6-416A-4F14-95CD-7EA013AF6EF1}"
EndProject
Project("{FAE04EC0-301F-11D3-BF4B-00C04F79EFBC}") = "05. Largest N Elements", "05. Largest N Elements\05. Largest N Elements.csproj", "{E60B5A7D-4DB2-4D6D-A4DA-6ED6B10AA1F9}"
EndProject
Global
	GlobalSection(SolutionConfigurationPlatforms) = preSolution
		Debug|Any CPU = Debug|Any CPU
		Release|Any CPU = Release|Any CPU
	EndGlobalSection
	GlobalSection(ProjectConfigurationPlatforms) = postSolution
		{2A883F31-3D26-4C0B-81D8-5AA994376480}.Debug|Any CPU.ActiveCfg = Debug|Any CPU
		{2A883F31-3D26-4C0B-81D8-5AA994376480}.Debug|Any CPU.Build.0 = Debug|Any CPU
		{2A883F31-3D26-4C0B-81D8-5AA994376480}.Release|Any CPU.ActiveCfg = Release|Any CPU
		{2A883F31-3D26-4C0B-81D8-5AA994376480}.Release|Any CPU.Build.0 = Release|Any CPU
		{89BD946C-E69C-4B0F-9805-8E64148970FF}.Debug|Any CPU.ActiveCfg = Debug|Any CPU
		{89BD946C-E69C-4B0F-9805-8E64148970FF}.Debug|Any CPU.Build.0 = Debug|Any CPU
		{89BD946C-E69C-4B0F-9805-8E64148970FF}.Release|Any CPU.ActiveCfg = Release|Any CPU
		{89BD946C-E69C-4B0F-9805-8E64148970FF}.Release|Any CPU.Build.0 = Release|Any CPU
		{20E4DD1A-D77A-461E-BEA4-A2189925D230}.Debug|Any CPU.ActiveCfg = Debug|Any CPU
		{20E4DD1A-D77A-461E-BEA4-A2189925D230}.Debug|Any CPU.Build.0 = Debug|Any CPU
		{20E4DD1A-D77A-461E-BEA4-A2189925D230}.Release|Any CPU.ActiveCfg = Release|Any CPU
		{20E4DD1A-D77A-461E-BEA4-A2189925D230}.Release|Any CPU.Build.0 = Release|Any CPU
		{501C64B6-416A-4F14-95CD-7EA013AF6EF1}.Debug|Any CPU.ActiveCfg = Debug|Any CPU
		{501C64B6-416A-4F14-95CD-7EA013AF6EF1}.Debug|Any CPU.Build.0 = Debug|Any CPU
		{501C64B6-416A-4F14-95CD-7EA013AF6EF1}.Release|Any CPU.ActiveCfg = Release|Any CPU
		{501C64B6-416A-4F14-95CD-7EA013AF6EF1}.Release|Any CPU.Build.0 = Release|Any CPU
		{E60B5A7D-4DB2-4D6D-A4DA-6ED6B10AA1F9}.Debug|Any CPU.ActiveCfg = Debug|Any CPU
		{E60B5A7D-4DB2-4D6D-A4DA-6ED6B10AA1F9}.Debug|Any CPU.Build.0 = Debug|Any CPU
		{E60B5A7D-4DB2-4D6D-A4DA-6ED6B10AA1F9}.Release|Any CPU.ActiveCfg = Release|Any CPU
		{E60B5A7D-4DB2-4D6D-A4DA-6ED6B10AA1F9}.Release|Any CPU.Build.0 = Release|Any CPU
	EndGlobalSection
	GlobalSection(SolutionProperties) = preSolution
		HideSolutionNode = FALSE
	EndGlobalSection
	GlobalSection(ExtensibilityGlobals) = postSolution
		SolutionGuid = {94874C04-15C9-475D-B1AD-11D5FED8CCB4}
	EndGlobalSection
EndGlobal
